// !$*UTF8*$!
{
	archiveVersion = 1;
	classes = {
	};
	objectVersion = 50;
	objects = {

/* Begin PBXBuildFile section */
		08A370DEDD86466EF2A5240DB821B5D7 /* MainTableViewCell.xib in Resources */ = {isa = PBXBuildFile; fileRef = 0F9CF12C8962132D16BA88C0D80FE36B /* MainTableViewCell.xib */; };
		0A815557BCDBD508729352220810CB0B /* Assets.xcassets in Resources */ = {isa = PBXBuildFile; fileRef = 774ECDFB09CCD2995D874DD5BD9D68CA /* Assets.xcassets */; };
		12197ED56D033A4E6F6146B9DB84B405 /* Server.swift in Sources */ = {isa = PBXBuildFile; fileRef = 6758C916C9CC01AE973B83F9282DEF41 /* Server.swift */; };
		17498620253ABA56020461794E1EEDAD /* DrawerViewController.swift in Sources */ = {isa = PBXBuildFile; fileRef = 38E14AA1EF408C3914D18D09F5002C5D /* DrawerViewController.swift */; };
		21EAF23CA81A317F9A384EF35AA81968 /* NotoSans-Medium.ttf in Resources */ = {isa = PBXBuildFile; fileRef = 1AD593875379C23B50170C7AE69FE4E3 /* NotoSans-Medium.ttf */; };
		225C7417E88F2B4600B8B8EA1CE9CD3A /* Main.storyboard in Resources */ = {isa = PBXBuildFile; fileRef = 6A7F84B572065F2F849DE5076569FB53 /* Main.storyboard */; };
		2D30DC609A4DFA975CB6235D8F8E364A /* Jalnan.ttf in Resources */ = {isa = PBXBuildFile; fileRef = 4C143317281489595FD685DE488EE847 /* Jalnan.ttf */; };
		32DE2E250D84B6B082698826F95E439C /* NanumSquareBold.ttf in Resources */ = {isa = PBXBuildFile; fileRef = 9FCFBE98EDF0B3D79B0FE314F1DEE460 /* NanumSquareBold.ttf */; };
		35630E1C65E037008E074671BE1BCF75 /* NotoSans-ExtraBold.ttf in Resources */ = {isa = PBXBuildFile; fileRef = 68296BB72BDDF860941CA82161A2556A /* NotoSans-ExtraBold.ttf */; };
		3B1CA0C388BC619F7E565AA962E59BC2 /* InquiryViewController.swift in Sources */ = {isa = PBXBuildFile; fileRef = DF6A1FD6DACD817EDB36F7ADD1B05218 /* InquiryViewController.swift */; };
		4B2805EE1996902E2475A9F069CEB5E5 /* Date+.swift in Sources */ = {isa = PBXBuildFile; fileRef = 96C6DB49E8169BD07F59F3EE86BBBC77 /* Date+.swift */; };
		5085526B0373F523687B9ABD42A02498 /* Objects.swift in Sources */ = {isa = PBXBuildFile; fileRef = 011A8E2DCE4FDEC0E346B31598BC4C3B /* Objects.swift */; };
		547D8E1EA71401AED07C064D04E2EE37 /* Drawer.storyboard in Resources */ = {isa = PBXBuildFile; fileRef = A9784DE29033159838A8FBEDD4E0097C /* Drawer.storyboard */; };
		5EEE8C0769544059A913A5769D3217C7 /* RoundUIView.swift in Sources */ = {isa = PBXBuildFile; fileRef = B8C324F936F1BB21D3DD24648E720A40 /* RoundUIView.swift */; };
		6351C71E97A6B72284E627130F50B949 /* NotoSans-Regular.ttf in Resources */ = {isa = PBXBuildFile; fileRef = D0B0231627F638EFF5759FB4C1FDC36B /* NotoSans-Regular.ttf */; };
		77C9852A646B9DBBBF0F4254A777EF6F /* Pods_INUBus.framework in Frameworks */ = {isa = PBXBuildFile; fileRef = 58C04DA5E34554444E836E5E604687E7 /* Pods_INUBus.framework */; };
		78612C9ADEADE74BFCC47AE7D40BAC50 /* MainTableViewCell.swift in Sources */ = {isa = PBXBuildFile; fileRef = 38C9AED849821A253AF7BDD66D2A3AFB /* MainTableViewCell.swift */; };
		89908192514DF5A1B43422FBAB12102A /* NetworkManager.swift in Sources */ = {isa = PBXBuildFile; fileRef = 2E8DE7DCB608C2A9FE006B124276EF63 /* NetworkManager.swift */; };
		8CDF1B51C09E4CB678CAFEF74F0DF600 /* .swiftlint.yml in Resources */ = {isa = PBXBuildFile; fileRef = 0932A0D4593DECB81E3A53151F4949A8 /* .swiftlint.yml */; };
		8E91701C17D0FD4E6BAA367C9FF49692 /* AppDelegate.swift in Sources */ = {isa = PBXBuildFile; fileRef = C64D9C4B5531AE85FB85C9803746C63B /* AppDelegate.swift */; };
		91EAC671863551C03306F5D4E08B4246 /* StringConstants.swift in Sources */ = {isa = PBXBuildFile; fileRef = CE4BD01A5B1B52D4B1FD2C0266DF5F9D /* StringConstants.swift */; };
		9B1878C00B0360A7B82712A1E81098A1 /* Inquiry.swift in Sources */ = {isa = PBXBuildFile; fileRef = AE19857A7150F57B8B05E1ECA35A5E63 /* Inquiry.swift */; };
		A3FECE8036646E99C101F39ACBD52B30 /* NotoSans-SemiBold.ttf in Resources */ = {isa = PBXBuildFile; fileRef = CB2723906CFB10A098AFB93852D98A19 /* NotoSans-SemiBold.ttf */; };
		AD74EAFDE4932AA1B9CF1E399DB529EF /* Engineering.storyboard in Resources */ = {isa = PBXBuildFile; fileRef = 6B8D24E18436F3E12031F5CA46064DD2 /* Engineering.storyboard */; };
		AFF484B42AC4BEF6B2E685B74ACD4706 /* ViewController.swift in Sources */ = {isa = PBXBuildFile; fileRef = 387D19F0F6E9E1A1054D0341F56DCA6B /* ViewController.swift */; };
		B4E3D88474D2E5223411C72F4CDD89F9 /* EngineeringViewController.swift in Sources */ = {isa = PBXBuildFile; fileRef = 61D93CCC2B444B9288C7B2BAFF840115 /* EngineeringViewController.swift */; };
		BB273582BF2BCA636C39145A66B91B38 /* LaunchScreen.storyboard in Resources */ = {isa = PBXBuildFile; fileRef = 9A1372AA8808FD16527B5E902A40A179 /* LaunchScreen.storyboard */; };
		C6B424D583500F803D4EE21F14009BF5 /* NanumSquareRegular.ttf in Resources */ = {isa = PBXBuildFile; fileRef = F16BF3B61D8A26E4F692C5EA0560B291 /* NanumSquareRegular.ttf */; };
		CF4FEBE5B112F5B4139F8DA833438B0C /* HTTPMethod.swift in Sources */ = {isa = PBXBuildFile; fileRef = A57C8B5F90A5EB022F64DBD95F044B11 /* HTTPMethod.swift */; };
		D81B2324116F73F663D0B4095786AC8C /* NotoSans-Bold.ttf in Resources */ = {isa = PBXBuildFile; fileRef = 7E42A7BD5679FF7C17474441C2628882 /* NotoSans-Bold.ttf */; };
		DD3ECC9CB34EBA0271119FADABFC64A5 /* UIAlertController+.swift in Sources */ = {isa = PBXBuildFile; fileRef = 373AE60E4D0B5741DB041BF01EE3305B /* UIAlertController+.swift */; };
		E163599715AB87EF14C7A96392AA5951 /* Functions.swift in Sources */ = {isa = PBXBuildFile; fileRef = 61AF1795BA1A82C4EFF70E45CB2D0A4D /* Functions.swift */; };
		E334B6C6D2656362B6B135914012B5B8 /* ReloadDataDelegate.swift in Sources */ = {isa = PBXBuildFile; fileRef = 06A45324B45F2D649E8DB0229F9CB97D /* ReloadDataDelegate.swift */; };
		FA2735937CA4DB09385761169459F63A /* PopUpViewController.swift in Sources */ = {isa = PBXBuildFile; fileRef = D8CA6314753D09116B238888B91664D5 /* PopUpViewController.swift */; };
		FBEE3D6F1FF840C2538C37F79C02022F /* AssetConstants.swift in Sources */ = {isa = PBXBuildFile; fileRef = 7CF5FD4416C2D534B01A40EC54E9A56D /* AssetConstants.swift */; };
/* End PBXBuildFile section */

/* Begin PBXFileReference section */
		011A8E2DCE4FDEC0E346B31598BC4C3B /* Objects.swift */ = {isa = PBXFileReference; lastKnownFileType = sourcecode.swift; path = Objects.swift; sourceTree = "<group>"; };
		067AAFEA4A6A3EEDD1199895A28DE2FF /* Base */ = {isa = PBXFileReference; lastKnownFileType = file.storyboard; name = Base; path = Base.lproj/LaunchScreen.storyboard; sourceTree = "<group>"; };
		06A45324B45F2D649E8DB0229F9CB97D /* ReloadDataDelegate.swift */ = {isa = PBXFileReference; lastKnownFileType = sourcecode.swift; path = ReloadDataDelegate.swift; sourceTree = "<group>"; };
		0932A0D4593DECB81E3A53151F4949A8 /* .swiftlint.yml */ = {isa = PBXFileReference; lastKnownFileType = text; path = .swiftlint.yml; sourceTree = "<group>"; };
		0E29CB009B42C07512EEC5888E8C0375 /* Pods-INUBus.release.xcconfig */ = {isa = PBXFileReference; includeInIndex = 1; lastKnownFileType = text.xcconfig; name = "Pods-INUBus.release.xcconfig"; path = "Target Support Files/Pods-INUBus/Pods-INUBus.release.xcconfig"; sourceTree = "<group>"; };
		0F9CF12C8962132D16BA88C0D80FE36B /* MainTableViewCell.xib */ = {isa = PBXFileReference; lastKnownFileType = file.xib; path = MainTableViewCell.xib; sourceTree = "<group>"; };
		1AD593875379C23B50170C7AE69FE4E3 /* NotoSans-Medium.ttf */ = {isa = PBXFileReference; lastKnownFileType = file; path = "NotoSans-Medium.ttf"; sourceTree = "<group>"; };
		2E8DE7DCB608C2A9FE006B124276EF63 /* NetworkManager.swift */ = {isa = PBXFileReference; lastKnownFileType = sourcecode.swift; name = NetworkManager.swift; path = INUBus/Network/NetworkManager.swift; sourceTree = SOURCE_ROOT; };
		35E1E3D46316FEEC4F7678832546EAAF /* Pods-INUBus.debug.xcconfig */ = {isa = PBXFileReference; includeInIndex = 1; lastKnownFileType = text.xcconfig; name = "Pods-INUBus.debug.xcconfig"; path = "Target Support Files/Pods-INUBus/Pods-INUBus.debug.xcconfig"; sourceTree = "<group>"; };
		373AE60E4D0B5741DB041BF01EE3305B /* UIAlertController+.swift */ = {isa = PBXFileReference; lastKnownFileType = sourcecode.swift; path = "UIAlertController+.swift"; sourceTree = "<group>"; };
		387D19F0F6E9E1A1054D0341F56DCA6B /* ViewController.swift */ = {isa = PBXFileReference; lastKnownFileType = sourcecode.swift; path = ViewController.swift; sourceTree = "<group>"; };
		38C9AED849821A253AF7BDD66D2A3AFB /* MainTableViewCell.swift */ = {isa = PBXFileReference; lastKnownFileType = sourcecode.swift; path = MainTableViewCell.swift; sourceTree = "<group>"; };
		38E14AA1EF408C3914D18D09F5002C5D /* DrawerViewController.swift */ = {isa = PBXFileReference; lastKnownFileType = sourcecode.swift; path = DrawerViewController.swift; sourceTree = "<group>"; };
		4C143317281489595FD685DE488EE847 /* Jalnan.ttf */ = {isa = PBXFileReference; lastKnownFileType = file; path = Jalnan.ttf; sourceTree = "<group>"; };
		58C04DA5E34554444E836E5E604687E7 /* Pods_INUBus.framework */ = {isa = PBXFileReference; explicitFileType = wrapper.framework; includeInIndex = 0; path = Pods_INUBus.framework; sourceTree = BUILT_PRODUCTS_DIR; };
		61AF1795BA1A82C4EFF70E45CB2D0A4D /* Functions.swift */ = {isa = PBXFileReference; lastKnownFileType = sourcecode.swift; path = Functions.swift; sourceTree = "<group>"; };
		61D93CCC2B444B9288C7B2BAFF840115 /* EngineeringViewController.swift */ = {isa = PBXFileReference; lastKnownFileType = sourcecode.swift; path = EngineeringViewController.swift; sourceTree = "<group>"; };
		6758C916C9CC01AE973B83F9282DEF41 /* Server.swift */ = {isa = PBXFileReference; lastKnownFileType = sourcecode.swift; path = Server.swift; sourceTree = "<group>"; };
		68296BB72BDDF860941CA82161A2556A /* NotoSans-ExtraBold.ttf */ = {isa = PBXFileReference; lastKnownFileType = file; path = "NotoSans-ExtraBold.ttf"; sourceTree = "<group>"; };
		6B8D24E18436F3E12031F5CA46064DD2 /* Engineering.storyboard */ = {isa = PBXFileReference; lastKnownFileType = file.storyboard; path = Engineering.storyboard; sourceTree = "<group>"; };
		6DDFD5FAA2644BAC55AC9C91AE1FEAD8 /* Base */ = {isa = PBXFileReference; lastKnownFileType = file.storyboard; name = Base; path = Base.lproj/Main.storyboard; sourceTree = "<group>"; };
		774ECDFB09CCD2995D874DD5BD9D68CA /* Assets.xcassets */ = {isa = PBXFileReference; lastKnownFileType = folder.assetcatalog; path = Assets.xcassets; sourceTree = "<group>"; };
		7CF5FD4416C2D534B01A40EC54E9A56D /* AssetConstants.swift */ = {isa = PBXFileReference; lastKnownFileType = sourcecode.swift; path = AssetConstants.swift; sourceTree = "<group>"; };
		7E42A7BD5679FF7C17474441C2628882 /* NotoSans-Bold.ttf */ = {isa = PBXFileReference; lastKnownFileType = file; path = "NotoSans-Bold.ttf"; sourceTree = "<group>"; };
		96C6DB49E8169BD07F59F3EE86BBBC77 /* Date+.swift */ = {isa = PBXFileReference; lastKnownFileType = sourcecode.swift; path = "Date+.swift"; sourceTree = "<group>"; };
		9FCFBE98EDF0B3D79B0FE314F1DEE460 /* NanumSquareBold.ttf */ = {isa = PBXFileReference; lastKnownFileType = file; path = NanumSquareBold.ttf; sourceTree = "<group>"; };
		A57C8B5F90A5EB022F64DBD95F044B11 /* HTTPMethod.swift */ = {isa = PBXFileReference; lastKnownFileType = sourcecode.swift; name = HTTPMethod.swift; path = INUBus/Network/HTTPMethod.swift; sourceTree = SOURCE_ROOT; };
		A9784DE29033159838A8FBEDD4E0097C /* Drawer.storyboard */ = {isa = PBXFileReference; lastKnownFileType = file.storyboard; path = Drawer.storyboard; sourceTree = "<group>"; };
		AE19857A7150F57B8B05E1ECA35A5E63 /* Inquiry.swift */ = {isa = PBXFileReference; lastKnownFileType = sourcecode.swift; path = Inquiry.swift; sourceTree = "<group>"; };
		B8C324F936F1BB21D3DD24648E720A40 /* RoundUIView.swift */ = {isa = PBXFileReference; lastKnownFileType = sourcecode.swift; path = RoundUIView.swift; sourceTree = "<group>"; };
		C64D9C4B5531AE85FB85C9803746C63B /* AppDelegate.swift */ = {isa = PBXFileReference; lastKnownFileType = sourcecode.swift; path = AppDelegate.swift; sourceTree = "<group>"; };
		CB2723906CFB10A098AFB93852D98A19 /* NotoSans-SemiBold.ttf */ = {isa = PBXFileReference; lastKnownFileType = file; path = "NotoSans-SemiBold.ttf"; sourceTree = "<group>"; };
		CE4BD01A5B1B52D4B1FD2C0266DF5F9D /* StringConstants.swift */ = {isa = PBXFileReference; lastKnownFileType = sourcecode.swift; path = StringConstants.swift; sourceTree = "<group>"; };
		D0B0231627F638EFF5759FB4C1FDC36B /* NotoSans-Regular.ttf */ = {isa = PBXFileReference; lastKnownFileType = file; path = "NotoSans-Regular.ttf"; sourceTree = "<group>"; };
		D1147FCD0C86E7FA6426D179DDB9BC13 /* INUBus.app */ = {isa = PBXFileReference; explicitFileType = wrapper.application; includeInIndex = 0; path = INUBus.app; sourceTree = BUILT_PRODUCTS_DIR; };
		D8CA6314753D09116B238888B91664D5 /* PopUpViewController.swift */ = {isa = PBXFileReference; lastKnownFileType = sourcecode.swift; path = PopUpViewController.swift; sourceTree = "<group>"; };
		DF6A1FD6DACD817EDB36F7ADD1B05218 /* InquiryViewController.swift */ = {isa = PBXFileReference; lastKnownFileType = sourcecode.swift; path = InquiryViewController.swift; sourceTree = "<group>"; };
		EBFE70FD45933AEB3CA138AEC6BEFF2C /* Info.plist */ = {isa = PBXFileReference; lastKnownFileType = text.plist.xml; path = Info.plist; sourceTree = "<group>"; };
		F16BF3B61D8A26E4F692C5EA0560B291 /* NanumSquareRegular.ttf */ = {isa = PBXFileReference; lastKnownFileType = file; path = NanumSquareRegular.ttf; sourceTree = "<group>"; };
/* End PBXFileReference section */

/* Begin PBXFrameworksBuildPhase section */
		5C9C38040DE8ACF0F99909C14823AA2F /* Frameworks */ = {
			isa = PBXFrameworksBuildPhase;
			buildActionMask = 2147483647;
			files = (
				77C9852A646B9DBBBF0F4254A777EF6F /* Pods_INUBus.framework in Frameworks */,
			);
			runOnlyForDeploymentPostprocessing = 0;
		};
/* End PBXFrameworksBuildPhase section */

/* Begin PBXGroup section */
		17D36FE17B68139817A543A9FAC7380D /* Cell */ = {
			isa = PBXGroup;
			children = (
				38C9AED849821A253AF7BDD66D2A3AFB /* MainTableViewCell.swift */,
				0F9CF12C8962132D16BA88C0D80FE36B /* MainTableViewCell.xib */,
			);
			path = Cell;
			sourceTree = "<group>";
		};
		1DC6F11B1F54D58DA22086A5E1CE8DBD = {
			isa = PBXGroup;
			children = (
				5865165E3E65C29BB11B8CCC357F788F /* Frameworks */,
				82781A26C8B114511B18F876A7FC5FF0 /* INUBus */,
				EDCCBCB6D7A403B6C1797697DBB18410 /* Pods */,
				26B7FF055DF18A9E6C9C5FB448B882FC /* Products */,
				0932A0D4593DECB81E3A53151F4949A8 /* .swiftlint.yml */,
			);
			sourceTree = "<group>";
		};
		2386BE588CE8B9625F2F210BF3FD6663 /* Supporting Files */ = {
			isa = PBXGroup;
			children = (
				A7A8BBB51597AB8D368EB0639F612160 /* Font */,
				C64D9C4B5531AE85FB85C9803746C63B /* AppDelegate.swift */,
				774ECDFB09CCD2995D874DD5BD9D68CA /* Assets.xcassets */,
				9A1372AA8808FD16527B5E902A40A179 /* LaunchScreen.storyboard */,
			);
			path = "Supporting Files";
			sourceTree = "<group>";
		};
		26B7FF055DF18A9E6C9C5FB448B882FC /* Products */ = {
			isa = PBXGroup;
			children = (
				D1147FCD0C86E7FA6426D179DDB9BC13 /* INUBus.app */,
			);
			name = Products;
			sourceTree = "<group>";
		};
		3971ED8F19E530BAC6B1FFF88B9FDF53 /* Engineering */ = {
			isa = PBXGroup;
			children = (
				6B8D24E18436F3E12031F5CA46064DD2 /* Engineering.storyboard */,
				61D93CCC2B444B9288C7B2BAFF840115 /* EngineeringViewController.swift */,
				06A45324B45F2D649E8DB0229F9CB97D /* ReloadDataDelegate.swift */,
			);
			path = Engineering;
			sourceTree = "<group>";
		};
		3EC651BE82E05D1CC429F3F581D242E5 /* Drawer */ = {
			isa = PBXGroup;
			children = (
				A9784DE29033159838A8FBEDD4E0097C /* Drawer.storyboard */,
				38E14AA1EF408C3914D18D09F5002C5D /* DrawerViewController.swift */,
				DF6A1FD6DACD817EDB36F7ADD1B05218 /* InquiryViewController.swift */,
				D8CA6314753D09116B238888B91664D5 /* PopUpViewController.swift */,
			);
			path = Drawer;
			sourceTree = "<group>";
		};
		5865165E3E65C29BB11B8CCC357F788F /* Frameworks */ = {
			isa = PBXGroup;
			children = (
				58C04DA5E34554444E836E5E604687E7 /* Pods_INUBus.framework */,
			);
			name = Frameworks;
			sourceTree = "<group>";
		};
		61C1EEA038D950B1C6DC92B83B8A6C13 /* Extension */ = {
			isa = PBXGroup;
			children = (
				96C6DB49E8169BD07F59F3EE86BBBC77 /* Date+.swift */,
				373AE60E4D0B5741DB041BF01EE3305B /* UIAlertController+.swift */,
			);
			path = Extension;
			sourceTree = "<group>";
		};
		82781A26C8B114511B18F876A7FC5FF0 /* INUBus */ = {
			isa = PBXGroup;
			children = (
				17D36FE17B68139817A543A9FAC7380D /* Cell */,
				C4DC1CD38BAB44A1783C1679217F4F36 /* Common */,
				3EC651BE82E05D1CC429F3F581D242E5 /* Drawer */,
				3971ED8F19E530BAC6B1FFF88B9FDF53 /* Engineering */,
				61C1EEA038D950B1C6DC92B83B8A6C13 /* Extension */,
				940398F5BB1D3971D21DDE4353D39DCD /* Model */,
				85598A2EF7262004E5D8E41CD2503E53 /* Network */,
				2386BE588CE8B9625F2F210BF3FD6663 /* Supporting Files */,
				EBFE70FD45933AEB3CA138AEC6BEFF2C /* Info.plist */,
				6A7F84B572065F2F849DE5076569FB53 /* Main.storyboard */,
				387D19F0F6E9E1A1054D0341F56DCA6B /* ViewController.swift */,
			);
			path = INUBus;
			sourceTree = "<group>";
		};
		85598A2EF7262004E5D8E41CD2503E53 /* Network */ = {
			isa = PBXGroup;
			children = (
				A57C8B5F90A5EB022F64DBD95F044B11 /* HTTPMethod.swift */,
				2E8DE7DCB608C2A9FE006B124276EF63 /* NetworkManager.swift */,
			);
			path = Network;
			sourceTree = "<group>";
		};
		940398F5BB1D3971D21DDE4353D39DCD /* Model */ = {
			isa = PBXGroup;
			children = (
				CE4BD01A5B1B52D4B1FD2C0266DF5F9D /* StringConstants.swift */,
				7CF5FD4416C2D534B01A40EC54E9A56D /* AssetConstants.swift */,
				AE19857A7150F57B8B05E1ECA35A5E63 /* Inquiry.swift */,
				011A8E2DCE4FDEC0E346B31598BC4C3B /* Objects.swift */,
			);
			path = Model;
			sourceTree = "<group>";
		};
		A7A8BBB51597AB8D368EB0639F612160 /* Font */ = {
			isa = PBXGroup;
			children = (
				4C143317281489595FD685DE488EE847 /* Jalnan.ttf */,
				9FCFBE98EDF0B3D79B0FE314F1DEE460 /* NanumSquareBold.ttf */,
				F16BF3B61D8A26E4F692C5EA0560B291 /* NanumSquareRegular.ttf */,
				7E42A7BD5679FF7C17474441C2628882 /* NotoSans-Bold.ttf */,
				68296BB72BDDF860941CA82161A2556A /* NotoSans-ExtraBold.ttf */,
				1AD593875379C23B50170C7AE69FE4E3 /* NotoSans-Medium.ttf */,
				D0B0231627F638EFF5759FB4C1FDC36B /* NotoSans-Regular.ttf */,
				CB2723906CFB10A098AFB93852D98A19 /* NotoSans-SemiBold.ttf */,
			);
			path = Font;
			sourceTree = "<group>";
		};
		C4DC1CD38BAB44A1783C1679217F4F36 /* Common */ = {
			isa = PBXGroup;
			children = (
				61AF1795BA1A82C4EFF70E45CB2D0A4D /* Functions.swift */,
				B8C324F936F1BB21D3DD24648E720A40 /* RoundUIView.swift */,
				6758C916C9CC01AE973B83F9282DEF41 /* Server.swift */,
			);
			path = Common;
			sourceTree = "<group>";
		};
		EDCCBCB6D7A403B6C1797697DBB18410 /* Pods */ = {
			isa = PBXGroup;
			children = (
				35E1E3D46316FEEC4F7678832546EAAF /* Pods-INUBus.debug.xcconfig */,
				0E29CB009B42C07512EEC5888E8C0375 /* Pods-INUBus.release.xcconfig */,
			);
			path = Pods;
			sourceTree = "<group>";
		};
/* End PBXGroup section */

/* Begin PBXNativeTarget section */
		489386A155174CD1270AADB0271C2729 /* INUBus */ = {
			isa = PBXNativeTarget;
			buildConfigurationList = DE6E88A6A86CD95C1CAA2011E0A1FB2B /* Build configuration list for PBXNativeTarget "INUBus" */;
			buildPhases = (
				C8CE15AA739874D68641EDE4A0D354A4 /* [CP] Check Pods Manifest.lock */,
				588F88A1EF2B60D06957F7B2355AA794 /* Sources */,
				5C9C38040DE8ACF0F99909C14823AA2F /* Frameworks */,
				DBFA0670D838C89E2FDFE5374BEAA187 /* Resources */,
				0092417A778B59E82E65BD53785519FC /* Run Script */,
				BE6E7D9F5A82162E435AF450B839E98B /* [CP] Embed Pods Frameworks */,
			);
			buildRules = (
			);
			dependencies = (
			);
			name = INUBus;
			productName = INUBus;
			productReference = D1147FCD0C86E7FA6426D179DDB9BC13 /* INUBus.app */;
			productType = "com.apple.product-type.application";
		};
/* End PBXNativeTarget section */

/* Begin PBXProject section */
		BF978030F6E523F2E7DDC096BD1F9DCA /* Project object */ = {
			isa = PBXProject;
			attributes = {
				LastSwiftUpdateCheck = 1020;
				LastUpgradeCheck = 1020;
				ORGANIZATIONNAME = zun;
				TargetAttributes = {
					489386A155174CD1270AADB0271C2729 = {
						CreatedOnToolsVersion = 10.2.1;
					};
				};
			};
			buildConfigurationList = C1075C7119C704871AD914A12B3F5036 /* Build configuration list for PBXProject "INUBus" */;
			compatibilityVersion = "Xcode 9.3";
			developmentRegion = en;
			hasScannedForEncodings = 0;
			knownRegions = (
				en,
				Base,
			);
			mainGroup = 1DC6F11B1F54D58DA22086A5E1CE8DBD;
			productRefGroup = 26B7FF055DF18A9E6C9C5FB448B882FC /* Products */;
			projectDirPath = "";
			projectRoot = "";
			targets = (
				489386A155174CD1270AADB0271C2729 /* INUBus */,
			);
		};
/* End PBXProject section */

/* Begin PBXResourcesBuildPhase section */
		DBFA0670D838C89E2FDFE5374BEAA187 /* Resources */ = {
			isa = PBXResourcesBuildPhase;
			buildActionMask = 2147483647;
			files = (
				8CDF1B51C09E4CB678CAFEF74F0DF600 /* .swiftlint.yml in Resources */,
				0A815557BCDBD508729352220810CB0B /* Assets.xcassets in Resources */,
				547D8E1EA71401AED07C064D04E2EE37 /* Drawer.storyboard in Resources */,
				AD74EAFDE4932AA1B9CF1E399DB529EF /* Engineering.storyboard in Resources */,
				2D30DC609A4DFA975CB6235D8F8E364A /* Jalnan.ttf in Resources */,
				BB273582BF2BCA636C39145A66B91B38 /* LaunchScreen.storyboard in Resources */,
				225C7417E88F2B4600B8B8EA1CE9CD3A /* Main.storyboard in Resources */,
				08A370DEDD86466EF2A5240DB821B5D7 /* MainTableViewCell.xib in Resources */,
				32DE2E250D84B6B082698826F95E439C /* NanumSquareBold.ttf in Resources */,
				C6B424D583500F803D4EE21F14009BF5 /* NanumSquareRegular.ttf in Resources */,
				D81B2324116F73F663D0B4095786AC8C /* NotoSans-Bold.ttf in Resources */,
				35630E1C65E037008E074671BE1BCF75 /* NotoSans-ExtraBold.ttf in Resources */,
				21EAF23CA81A317F9A384EF35AA81968 /* NotoSans-Medium.ttf in Resources */,
				6351C71E97A6B72284E627130F50B949 /* NotoSans-Regular.ttf in Resources */,
				A3FECE8036646E99C101F39ACBD52B30 /* NotoSans-SemiBold.ttf in Resources */,
			);
			runOnlyForDeploymentPostprocessing = 0;
		};
/* End PBXResourcesBuildPhase section */

/* Begin PBXShellScriptBuildPhase section */
		0092417A778B59E82E65BD53785519FC /* Run Script */ = {
			isa = PBXShellScriptBuildPhase;
			buildActionMask = 2147483647;
			files = (
			);
			inputFileListPaths = (
			);
			inputPaths = (
			);
			name = "Run Script";
			outputFileListPaths = (
			);
			outputPaths = (
			);
			runOnlyForDeploymentPostprocessing = 0;
			shellPath = /bin/sh;
			shellScript = "${PODS_ROOT}/SwiftLint/swiftlint\n";
		};
		BE6E7D9F5A82162E435AF450B839E98B /* [CP] Embed Pods Frameworks */ = {
			isa = PBXShellScriptBuildPhase;
			buildActionMask = 2147483647;
			files = (
			);
			inputFileListPaths = (
			);
			inputPaths = (
				"${PODS_ROOT}/Target Support Files/Pods-INUBus/Pods-INUBus-frameworks.sh",
				"${BUILT_PRODUCTS_DIR}/KYDrawerController/KYDrawerController.framework",
			);
			name = "[CP] Embed Pods Frameworks";
			outputFileListPaths = (
			);
			outputPaths = (
				"${TARGET_BUILD_DIR}/${FRAMEWORKS_FOLDER_PATH}/KYDrawerController.framework",
			);
			runOnlyForDeploymentPostprocessing = 0;
			shellPath = /bin/sh;
			shellScript = "\"${PODS_ROOT}/Target Support Files/Pods-INUBus/Pods-INUBus-frameworks.sh\"\n";
			showEnvVarsInLog = 0;
		};
		C8CE15AA739874D68641EDE4A0D354A4 /* [CP] Check Pods Manifest.lock */ = {
			isa = PBXShellScriptBuildPhase;
			buildActionMask = 2147483647;
			files = (
			);
			inputFileListPaths = (
			);
			inputPaths = (
				"${PODS_PODFILE_DIR_PATH}/Podfile.lock",
				"${PODS_ROOT}/Manifest.lock",
			);
			name = "[CP] Check Pods Manifest.lock";
			outputFileListPaths = (
			);
			outputPaths = (
				"$(DERIVED_FILE_DIR)/Pods-INUBus-checkManifestLockResult.txt",
			);
			runOnlyForDeploymentPostprocessing = 0;
			shellPath = /bin/sh;
			shellScript = "diff \"${PODS_PODFILE_DIR_PATH}/Podfile.lock\" \"${PODS_ROOT}/Manifest.lock\" > /dev/null\nif [ $? != 0 ] ; then\n    # print error to STDERR\n    echo \"error: The sandbox is not in sync with the Podfile.lock. Run 'pod install' or update your CocoaPods installation.\" >&2\n    exit 1\nfi\n# This output is used by Xcode 'outputs' to avoid re-running this script phase.\necho \"SUCCESS\" > \"${SCRIPT_OUTPUT_FILE_0}\"\n";
			showEnvVarsInLog = 0;
		};
/* End PBXShellScriptBuildPhase section */

/* Begin PBXSourcesBuildPhase section */
		588F88A1EF2B60D06957F7B2355AA794 /* Sources */ = {
			isa = PBXSourcesBuildPhase;
			buildActionMask = 2147483647;
			files = (
				8E91701C17D0FD4E6BAA367C9FF49692 /* AppDelegate.swift in Sources */,
				FBEE3D6F1FF840C2538C37F79C02022F /* AssetConstants.swift in Sources */,
				4B2805EE1996902E2475A9F069CEB5E5 /* Date+.swift in Sources */,
				17498620253ABA56020461794E1EEDAD /* DrawerViewController.swift in Sources */,
				B4E3D88474D2E5223411C72F4CDD89F9 /* EngineeringViewController.swift in Sources */,
				E163599715AB87EF14C7A96392AA5951 /* Functions.swift in Sources */,
				CF4FEBE5B112F5B4139F8DA833438B0C /* HTTPMethod.swift in Sources */,
				9B1878C00B0360A7B82712A1E81098A1 /* Inquiry.swift in Sources */,
				3B1CA0C388BC619F7E565AA962E59BC2 /* InquiryViewController.swift in Sources */,
				78612C9ADEADE74BFCC47AE7D40BAC50 /* MainTableViewCell.swift in Sources */,
				89908192514DF5A1B43422FBAB12102A /* NetworkManager.swift in Sources */,
				5085526B0373F523687B9ABD42A02498 /* Objects.swift in Sources */,
				FA2735937CA4DB09385761169459F63A /* PopUpViewController.swift in Sources */,
				E334B6C6D2656362B6B135914012B5B8 /* ReloadDataDelegate.swift in Sources */,
				5EEE8C0769544059A913A5769D3217C7 /* RoundUIView.swift in Sources */,
				12197ED56D033A4E6F6146B9DB84B405 /* Server.swift in Sources */,
				91EAC671863551C03306F5D4E08B4246 /* StringConstants.swift in Sources */,
				DD3ECC9CB34EBA0271119FADABFC64A5 /* UIAlertController+.swift in Sources */,
				AFF484B42AC4BEF6B2E685B74ACD4706 /* ViewController.swift in Sources */,
			);
			runOnlyForDeploymentPostprocessing = 0;
		};
/* End PBXSourcesBuildPhase section */

/* Begin PBXVariantGroup section */
		6A7F84B572065F2F849DE5076569FB53 /* Main.storyboard */ = {
			isa = PBXVariantGroup;
			children = (
				6DDFD5FAA2644BAC55AC9C91AE1FEAD8 /* Base */,
			);
			name = Main.storyboard;
			sourceTree = "<group>";
		};
		9A1372AA8808FD16527B5E902A40A179 /* LaunchScreen.storyboard */ = {
			isa = PBXVariantGroup;
			children = (
				067AAFEA4A6A3EEDD1199895A28DE2FF /* Base */,
			);
			name = LaunchScreen.storyboard;
			sourceTree = "<group>";
		};
/* End PBXVariantGroup section */

/* Begin XCBuildConfiguration section */
		68174FC3F80395D19CC26383C9DAA109 /* Debug */ = {
			isa = XCBuildConfiguration;
			baseConfigurationReference = 35E1E3D46316FEEC4F7678832546EAAF /* Pods-INUBus.debug.xcconfig */;
			buildSettings = {
				ASSETCATALOG_COMPILER_APPICON_NAME = AppIcon;
				CODE_SIGN_STYLE = Automatic;
				DEVELOPMENT_TEAM = 3U3H8GE38E;
				INFOPLIST_FILE = INUBus/Info.plist;
				LD_RUNPATH_SEARCH_PATHS = (
					"$(inherited)",
					"@executable_path/Frameworks",
				);
				PRODUCT_BUNDLE_IDENTIFIER = zunzunzun.INUBus;
				PRODUCT_NAME = "$(TARGET_NAME)";
				SWIFT_VERSION = 5.0;
				TARGETED_DEVICE_FAMILY = "1,2";
			};
			name = Debug;
		};
		72BF5DA0799C47CC9FD6CEEB39B816A4 /* Debug */ = {
			isa = XCBuildConfiguration;
			buildSettings = {
				ALWAYS_SEARCH_USER_PATHS = NO;
				CLANG_ANALYZER_NONNULL = YES;
				CLANG_ANALYZER_NUMBER_OBJECT_CONVERSION = YES_AGGRESSIVE;
				CLANG_CXX_LANGUAGE_STANDARD = "gnu++14";
				CLANG_CXX_LIBRARY = "libc++";
				CLANG_ENABLE_MODULES = YES;
				CLANG_ENABLE_OBJC_ARC = YES;
				CLANG_ENABLE_OBJC_WEAK = YES;
				CLANG_WARN_BLOCK_CAPTURE_AUTORELEASING = YES;
				CLANG_WARN_BOOL_CONVERSION = YES;
				CLANG_WARN_COMMA = YES;
				CLANG_WARN_CONSTANT_CONVERSION = YES;
				CLANG_WARN_DEPRECATED_OBJC_IMPLEMENTATIONS = YES;
				CLANG_WARN_DIRECT_OBJC_ISA_USAGE = YES_ERROR;
				CLANG_WARN_DOCUMENTATION_COMMENTS = YES;
				CLANG_WARN_EMPTY_BODY = YES;
				CLANG_WARN_ENUM_CONVERSION = YES;
				CLANG_WARN_INFINITE_RECURSION = YES;
				CLANG_WARN_INT_CONVERSION = YES;
				CLANG_WARN_NON_LITERAL_NULL_CONVERSION = YES;
				CLANG_WARN_OBJC_IMPLICIT_RETAIN_SELF = YES;
				CLANG_WARN_OBJC_LITERAL_CONVERSION = YES;
				CLANG_WARN_OBJC_ROOT_CLASS = YES_ERROR;
				CLANG_WARN_RANGE_LOOP_ANALYSIS = YES;
				CLANG_WARN_STRICT_PROTOTYPES = YES;
				CLANG_WARN_SUSPICIOUS_MOVE = YES;
				CLANG_WARN_UNGUARDED_AVAILABILITY = YES_AGGRESSIVE;
				CLANG_WARN_UNREACHABLE_CODE = YES;
				CLANG_WARN__DUPLICATE_METHOD_MATCH = YES;
				CODE_SIGN_IDENTITY = "iPhone Developer";
				COPY_PHASE_STRIP = NO;
				DEBUG_INFORMATION_FORMAT = dwarf;
				ENABLE_STRICT_OBJC_MSGSEND = YES;
				ENABLE_TESTABILITY = YES;
				GCC_C_LANGUAGE_STANDARD = gnu11;
				GCC_DYNAMIC_NO_PIC = NO;
				GCC_NO_COMMON_BLOCKS = YES;
				GCC_OPTIMIZATION_LEVEL = 0;
				GCC_PREPROCESSOR_DEFINITIONS = (
					"DEBUG=1",
					"$(inherited)",
				);
				GCC_WARN_64_TO_32_BIT_CONVERSION = YES;
				GCC_WARN_ABOUT_RETURN_TYPE = YES_ERROR;
				GCC_WARN_UNDECLARED_SELECTOR = YES;
				GCC_WARN_UNINITIALIZED_AUTOS = YES_AGGRESSIVE;
				GCC_WARN_UNUSED_FUNCTION = YES;
				GCC_WARN_UNUSED_VARIABLE = YES;
				IPHONEOS_DEPLOYMENT_TARGET = 12.2;
				MTL_ENABLE_DEBUG_INFO = INCLUDE_SOURCE;
				MTL_FAST_MATH = YES;
				ONLY_ACTIVE_ARCH = YES;
				SDKROOT = iphoneos;
				SWIFT_ACTIVE_COMPILATION_CONDITIONS = DEBUG;
				SWIFT_OPTIMIZATION_LEVEL = "-Onone";
			};
			name = Debug;
		};
		AFD4733FBD8CD922E280930452334626 /* Release */ = {
			isa = XCBuildConfiguration;
			baseConfigurationReference = 0E29CB009B42C07512EEC5888E8C0375 /* Pods-INUBus.release.xcconfig */;
			buildSettings = {
				ASSETCATALOG_COMPILER_APPICON_NAME = AppIcon;
				CODE_SIGN_STYLE = Automatic;
				DEVELOPMENT_TEAM = 3U3H8GE38E;
				INFOPLIST_FILE = INUBus/Info.plist;
				LD_RUNPATH_SEARCH_PATHS = (
					"$(inherited)",
					"@executable_path/Frameworks",
				);
				PRODUCT_BUNDLE_IDENTIFIER = zunzunzun.INUBus;
				PRODUCT_NAME = "$(TARGET_NAME)";
				SWIFT_VERSION = 5.0;
				TARGETED_DEVICE_FAMILY = "1,2";
			};
			name = Release;
		};
		BA3E653B285445B0AE6DB1770D167828 /* Release */ = {
			isa = XCBuildConfiguration;
			buildSettings = {
				ALWAYS_SEARCH_USER_PATHS = NO;
				CLANG_ANALYZER_NONNULL = YES;
				CLANG_ANALYZER_NUMBER_OBJECT_CONVERSION = YES_AGGRESSIVE;
				CLANG_CXX_LANGUAGE_STANDARD = "gnu++14";
				CLANG_CXX_LIBRARY = "libc++";
				CLANG_ENABLE_MODULES = YES;
				CLANG_ENABLE_OBJC_ARC = YES;
				CLANG_ENABLE_OBJC_WEAK = YES;
				CLANG_WARN_BLOCK_CAPTURE_AUTORELEASING = YES;
				CLANG_WARN_BOOL_CONVERSION = YES;
				CLANG_WARN_COMMA = YES;
				CLANG_WARN_CONSTANT_CONVERSION = YES;
				CLANG_WARN_DEPRECATED_OBJC_IMPLEMENTATIONS = YES;
				CLANG_WARN_DIRECT_OBJC_ISA_USAGE = YES_ERROR;
				CLANG_WARN_DOCUMENTATION_COMMENTS = YES;
				CLANG_WARN_EMPTY_BODY = YES;
				CLANG_WARN_ENUM_CONVERSION = YES;
				CLANG_WARN_INFINITE_RECURSION = YES;
				CLANG_WARN_INT_CONVERSION = YES;
				CLANG_WARN_NON_LITERAL_NULL_CONVERSION = YES;
				CLANG_WARN_OBJC_IMPLICIT_RETAIN_SELF = YES;
				CLANG_WARN_OBJC_LITERAL_CONVERSION = YES;
				CLANG_WARN_OBJC_ROOT_CLASS = YES_ERROR;
				CLANG_WARN_RANGE_LOOP_ANALYSIS = YES;
				CLANG_WARN_STRICT_PROTOTYPES = YES;
				CLANG_WARN_SUSPICIOUS_MOVE = YES;
				CLANG_WARN_UNGUARDED_AVAILABILITY = YES_AGGRESSIVE;
				CLANG_WARN_UNREACHABLE_CODE = YES;
				CLANG_WARN__DUPLICATE_METHOD_MATCH = YES;
				CODE_SIGN_IDENTITY = "iPhone Developer";
				COPY_PHASE_STRIP = NO;
				DEBUG_INFORMATION_FORMAT = "dwarf-with-dsym";
				ENABLE_NS_ASSERTIONS = NO;
				ENABLE_STRICT_OBJC_MSGSEND = YES;
				GCC_C_LANGUAGE_STANDARD = gnu11;
				GCC_NO_COMMON_BLOCKS = YES;
				GCC_WARN_64_TO_32_BIT_CONVERSION = YES;
				GCC_WARN_ABOUT_RETURN_TYPE = YES_ERROR;
				GCC_WARN_UNDECLARED_SELECTOR = YES;
				GCC_WARN_UNINITIALIZED_AUTOS = YES_AGGRESSIVE;
				GCC_WARN_UNUSED_FUNCTION = YES;
				GCC_WARN_UNUSED_VARIABLE = YES;
				IPHONEOS_DEPLOYMENT_TARGET = 12.2;
				MTL_ENABLE_DEBUG_INFO = NO;
				MTL_FAST_MATH = YES;
				SDKROOT = iphoneos;
				SWIFT_COMPILATION_MODE = wholemodule;
				SWIFT_OPTIMIZATION_LEVEL = "-O";
				VALIDATE_PRODUCT = YES;
			};
			name = Release;
		};
/* End XCBuildConfiguration section */

/* Begin XCConfigurationList section */
		C1075C7119C704871AD914A12B3F5036 /* Build configuration list for PBXProject "INUBus" */ = {
			isa = XCConfigurationList;
			buildConfigurations = (
				72BF5DA0799C47CC9FD6CEEB39B816A4 /* Debug */,
				BA3E653B285445B0AE6DB1770D167828 /* Release */,
			);
			defaultConfigurationIsVisible = 0;
			defaultConfigurationName = Release;
		};
		DE6E88A6A86CD95C1CAA2011E0A1FB2B /* Build configuration list for PBXNativeTarget "INUBus" */ = {
			isa = XCConfigurationList;
			buildConfigurations = (
				68174FC3F80395D19CC26383C9DAA109 /* Debug */,
				AFD4733FBD8CD922E280930452334626 /* Release */,
			);
			defaultConfigurationIsVisible = 0;
			defaultConfigurationName = Release;
		};
/* End XCConfigurationList section */
	};
	rootObject = BF978030F6E523F2E7DDC096BD1F9DCA /* Project object */;
}
