// !$*UTF8*$!
{
	archiveVersion = 1;
	classes = {
	};
	objectVersion = 50;
	objects = {

/* Begin PBXBuildFile section */
		00FA0FEF86806E211C68FF9751EC1040 /* EngineeringViewController.swift in Sources */ = {isa = PBXBuildFile; fileRef = 441635CE47E9ADCA96C97A85C73CD02A /* EngineeringViewController.swift */; };
		0704DB2CBEE66F6E3147EBB43F7A8179 /* Log.swift in Sources */ = {isa = PBXBuildFile; fileRef = DD2E529FBC7F66769B158E0328C05689 /* Log.swift */; };
		07B83ED7F32E92279857F25D1DF6F292 /* ScienceViewController.swift in Sources */ = {isa = PBXBuildFile; fileRef = 7650B4579CAF352549CCB517852F7443 /* ScienceViewController.swift */; };
		07F642EEB59CFF4780E3D9CEC8B714F5 /* StringConstants.swift in Sources */ = {isa = PBXBuildFile; fileRef = 91677746AF074356C51B56EF596921B8 /* StringConstants.swift */; };
		08A370DEDD86466EF2A5240DB821B5D7 /* MainTableViewCell.xib in Resources */ = {isa = PBXBuildFile; fileRef = 0F9CF12C8962132D16BA88C0D80FE36B /* MainTableViewCell.xib */; };
		08AF930433ADB310D3A6F970BAC0FBBC /* RoundUITextField.swift in Sources */ = {isa = PBXBuildFile; fileRef = 1282D8E1C435D6357C265E1A961CB351 /* RoundUITextField.swift */; };
		0A815557BCDBD508729352220810CB0B /* Assets.xcassets in Resources */ = {isa = PBXBuildFile; fileRef = 774ECDFB09CCD2995D874DD5BD9D68CA /* Assets.xcassets */; };
		0B7EC6CC51ED6482D50BF733A98A65E3 /* MainViewController.swift in Sources */ = {isa = PBXBuildFile; fileRef = 8A4A744D811B841ED34C684EF0ADAA77 /* MainViewController.swift */; };
		0DF15FC4117DF01770EE7B2FFC8FDD30 /* UIImage+.swift in Sources */ = {isa = PBXBuildFile; fileRef = 832C5D6C937F54C48DFBBEACB0AC3C51 /* UIImage+.swift */; };
		0FF3E4E382263248390315F38CFE80EC /* CommuteViewController.swift in Sources */ = {isa = PBXBuildFile; fileRef = 182F5D460692FF89CC2C4B99C93F0266 /* CommuteViewController.swift */; };
		12197ED56D033A4E6F6146B9DB84B405 /* Server.swift in Sources */ = {isa = PBXBuildFile; fileRef = 6758C916C9CC01AE973B83F9282DEF41 /* Server.swift */; };
		14F34526C6A9EADDE2C17B121E38900B /* UIViewController+.swift in Sources */ = {isa = PBXBuildFile; fileRef = 40C436FCBF898468466EA9C320DF4264 /* UIViewController+.swift */; };
		15BA6641159AF41E6E775E99C1F314EC /* CommuteTableViewCell.swift in Sources */ = {isa = PBXBuildFile; fileRef = 01F6ED1536CEA8CCF331046D5B2FCE87 /* CommuteTableViewCell.swift */; };
		17498620253ABA56020461794E1EEDAD /* DrawerViewController.swift in Sources */ = {isa = PBXBuildFile; fileRef = 38E14AA1EF408C3914D18D09F5002C5D /* DrawerViewController.swift */; };
		17A5BEA1C3F419885FFB2DED8086B5EF /* RouteTableViewCell.swift in Sources */ = {isa = PBXBuildFile; fileRef = 26834CAEF399CADC4F70154123FC0EC1 /* RouteTableViewCell.swift */; };
		21EAF23CA81A317F9A384EF35AA81968 /* NotoSans-Medium.ttf in Resources */ = {isa = PBXBuildFile; fileRef = 1AD593875379C23B50170C7AE69FE4E3 /* NotoSans-Medium.ttf */; };
		235ED647A90AA579388333DB6B3A34A4 /* Science.storyboard in Resources */ = {isa = PBXBuildFile; fileRef = D607F41DEB9006F851C97E8B941B4CB8 /* Science.storyboard */; };
		260EC4B57AF232E57DBBBF5D3F0DE070 /* Commute.swift in Sources */ = {isa = PBXBuildFile; fileRef = D130B971A9DCC35E7AAF39F5B95B924D /* Commute.swift */; };
		2B548507D720AA1488EF40A084B43509 /* RouteTableViewCell.xib in Resources */ = {isa = PBXBuildFile; fileRef = CF5EBD2F9FCE5F285B5FD3C1ECF75031 /* RouteTableViewCell.xib */; };
		2D30DC609A4DFA975CB6235D8F8E364A /* Jalnan.ttf in Resources */ = {isa = PBXBuildFile; fileRef = 4C143317281489595FD685DE488EE847 /* Jalnan.ttf */; };
		2FD98317558D4C3364061DE0E23BA879 /* BusTypeInfo.swift in Sources */ = {isa = PBXBuildFile; fileRef = 8A32DC46501CB1B75B4095BB430FB210 /* BusTypeInfo.swift */; };
		32DE2E250D84B6B082698826F95E439C /* NanumSquareBold.ttf in Resources */ = {isa = PBXBuildFile; fileRef = 9FCFBE98EDF0B3D79B0FE314F1DEE460 /* NanumSquareBold.ttf */; };
		35630E1C65E037008E074671BE1BCF75 /* NotoSans-ExtraBold.ttf in Resources */ = {isa = PBXBuildFile; fileRef = 68296BB72BDDF860941CA82161A2556A /* NotoSans-ExtraBold.ttf */; };
		458C2563E9403AC254638FF24947BAC3 /* RoundUIView.swift in Sources */ = {isa = PBXBuildFile; fileRef = A51BE30E11551DDAFA4FD9ECCCB0748F /* RoundUIView.swift */; };
		4B2805EE1996902E2475A9F069CEB5E5 /* Date+.swift in Sources */ = {isa = PBXBuildFile; fileRef = 96C6DB49E8169BD07F59F3EE86BBBC77 /* Date+.swift */; };
		4F34B768D804FAC0DC3955777C63CFA4 /* SearchServiceType.swift in Sources */ = {isa = PBXBuildFile; fileRef = 30E55BF07667FDB7B185225CA534680E /* SearchServiceType.swift */; };
		5085526B0373F523687B9ABD42A02498 /* Objects.swift in Sources */ = {isa = PBXBuildFile; fileRef = 011A8E2DCE4FDEC0E346B31598BC4C3B /* Objects.swift */; };
		5120FBE3A3189AF90B3AE4C750694FF8 /* Search.storyboard in Resources */ = {isa = PBXBuildFile; fileRef = 13A9193EEBD53730F14C4149AA76833D /* Search.storyboard */; };
		547D8E1EA71401AED07C064D04E2EE37 /* Drawer.storyboard in Resources */ = {isa = PBXBuildFile; fileRef = A9784DE29033159838A8FBEDD4E0097C /* Drawer.storyboard */; };
		57C6651638F3BF782989C2345A08F6E1 /* SearchService.swift in Sources */ = {isa = PBXBuildFile; fileRef = B5F867E9EFCF55D7B6A6D567CED4BABC /* SearchService.swift */; };
		60C5C6CA2B8002D47B9D4A865058CE77 /* PopUpViewController.swift in Sources */ = {isa = PBXBuildFile; fileRef = 00D3CED2904AC110CF3C35BBC8AEC9A2 /* PopUpViewController.swift */; };
		6351C71E97A6B72284E627130F50B949 /* NotoSans-Regular.ttf in Resources */ = {isa = PBXBuildFile; fileRef = D0B0231627F638EFF5759FB4C1FDC36B /* NotoSans-Regular.ttf */; };
		644727D190419963CB7F2BCF0B84157F /* ArrivalInfoServiceType.swift in Sources */ = {isa = PBXBuildFile; fileRef = 47EF3A66BCCA3E9CDDC5396B99220727 /* ArrivalInfoServiceType.swift */; };
		68501155673108CF7ECB3C6D48232026 /* SearchTableViewCell.xib in Resources */ = {isa = PBXBuildFile; fileRef = 6184DBC64C76146A7F4647EAA388967A /* SearchTableViewCell.xib */; };
		698E4FB5D3A344944C2DA7358D3B6F70 /* ExtensionKYDrawerController.swift in Sources */ = {isa = PBXBuildFile; fileRef = 7D0261165311A43AB56472C40FF8BAC4 /* ExtensionKYDrawerController.swift */; };
		6B3042678962D413F9F0ED2D0F8A34DC /* BusColor.swift in Sources */ = {isa = PBXBuildFile; fileRef = D63BF221AC6B68EBDA6A2FBAB6927EF5 /* BusColor.swift */; };
		71F042371D539E91497C7EF0BCB50417 /* UIColor+.swift in Sources */ = {isa = PBXBuildFile; fileRef = D4EE18FC39A526DFAF4AAECDDE88F2C8 /* UIColor+.swift */; };
		77C9852A646B9DBBBF0F4254A777EF6F /* Pods_INUBus.framework in Frameworks */ = {isa = PBXBuildFile; fileRef = 58C04DA5E34554444E836E5E604687E7 /* Pods_INUBus.framework */; };
		78612C9ADEADE74BFCC47AE7D40BAC50 /* MainTableViewCell.swift in Sources */ = {isa = PBXBuildFile; fileRef = 38C9AED849821A253AF7BDD66D2A3AFB /* MainTableViewCell.swift */; };
		7C7B7BC84223896A934A9138C98634ED /* CALayer+.swift in Sources */ = {isa = PBXBuildFile; fileRef = 5C35EB59F75B33542EB804D6A99C59D2 /* CALayer+.swift */; };
		8844173FEADC6EB17016988BE9F8EB67 /* InquiryViewController.swift in Sources */ = {isa = PBXBuildFile; fileRef = C248CBF1C41AD1142A07F58620818B9E /* InquiryViewController.swift */; };
		89908192514DF5A1B43422FBAB12102A /* NetworkManager.swift in Sources */ = {isa = PBXBuildFile; fileRef = 2E8DE7DCB608C2A9FE006B124276EF63 /* NetworkManager.swift */; };
		8B993AC1AE2AF90DF71BF91E6801738A /* RoundUIButton.swift in Sources */ = {isa = PBXBuildFile; fileRef = 06711588E54A7847DFD862E8188910E2 /* RoundUIButton.swift */; };
		8CDF1B51C09E4CB678CAFEF74F0DF600 /* .swiftlint.yml in Resources */ = {isa = PBXBuildFile; fileRef = 0932A0D4593DECB81E3A53151F4949A8 /* .swiftlint.yml */; };
		8D1C15B5D5A69351679A5ECB1BC20AE5 /* CommuteTableViewCell.xib in Resources */ = {isa = PBXBuildFile; fileRef = 5D4333AC69DDC5C5D06E65311D6B706D /* CommuteTableViewCell.xib */; };
		8E91701C17D0FD4E6BAA367C9FF49692 /* AppDelegate.swift in Sources */ = {isa = PBXBuildFile; fileRef = C64D9C4B5531AE85FB85C9803746C63B /* AppDelegate.swift */; };
		940659D0CDA672E54DBCF5E57E76B08F /* Commute.storyboard in Resources */ = {isa = PBXBuildFile; fileRef = EBD768A0A45311216AAD2C4042918D42 /* Commute.storyboard */; };
		946BAC509886E1791984B24E893ECBAB /* ArrivalInfoService.swift in Sources */ = {isa = PBXBuildFile; fileRef = 6FA49FEE7F8AD342642E6CCF92842ACE /* ArrivalInfoService.swift */; };
		968126C3082BE260A070AAA493563DC2 /* Template.storyboard in Resources */ = {isa = PBXBuildFile; fileRef = E9147A63986C78550112B2DC38FCDDA8 /* Template.storyboard */; };
		9A0E1992BB4AF959A267967D778F3437 /* SearchTableViewCell.swift in Sources */ = {isa = PBXBuildFile; fileRef = 3DE4EB47C00B1DD869CAFE437E0B1A9B /* SearchTableViewCell.swift */; };
		9FF37A04ADED104662BFB8CD699C33BD /* SearchViewController.swift in Sources */ = {isa = PBXBuildFile; fileRef = FE2003AE4E43A7A44FC0EC83247976FE /* SearchViewController.swift */; };
		A3FECE8036646E99C101F39ACBD52B30 /* NotoSans-SemiBold.ttf in Resources */ = {isa = PBXBuildFile; fileRef = CB2723906CFB10A098AFB93852D98A19 /* NotoSans-SemiBold.ttf */; };
		A7B0C92235F931F9759008D3BE07E0E7 /* BorderUITextView.swift in Sources */ = {isa = PBXBuildFile; fileRef = 295738E9BBC10EB9031E9EBD0841CB0A /* BorderUITextView.swift */; };
		AAA4B84C367ED3C0DAF1230F3D24D9B9 /* CommuteRouteViewController.swift in Sources */ = {isa = PBXBuildFile; fileRef = 32A2FDCD461A7B921C61FEE6843DB74E /* CommuteRouteViewController.swift */; };
		AC2A7B45131837AAAF0BBDBEFB9DFFE2 /* ReloadDataDelegate.swift in Sources */ = {isa = PBXBuildFile; fileRef = 9F6B4A7897D0C08A5C81281C8AD0851A /* ReloadDataDelegate.swift */; };
		ACDEA2877C9CA41C17DF4B2C7EDB1069 /* TableViewUpDelegate.swift in Sources */ = {isa = PBXBuildFile; fileRef = E0E81CEC445D1F65C02C2EC1B872FFCC /* TableViewUpDelegate.swift */; };
		BB273582BF2BCA636C39145A66B91B38 /* LaunchScreen.storyboard in Resources */ = {isa = PBXBuildFile; fileRef = 9A1372AA8808FD16527B5E902A40A179 /* LaunchScreen.storyboard */; };
		BE71DED6C64B0FB65C75326039803CB1 /* Main.storyboard in Resources */ = {isa = PBXBuildFile; fileRef = 0C1B424F066BD42F360911724B783136 /* Main.storyboard */; };
		C02D7CB2AC854F718D57FE7D182955A6 /* Engineering.storyboard in Resources */ = {isa = PBXBuildFile; fileRef = C2B27BE087CA7E67652D19DC4B816CBF /* Engineering.storyboard */; };
		C6B424D583500F803D4EE21F14009BF5 /* NanumSquareRegular.ttf in Resources */ = {isa = PBXBuildFile; fileRef = F16BF3B61D8A26E4F692C5EA0560B291 /* NanumSquareRegular.ttf */; };
		CB3BECF2034918C9CF535D50675B5F5E /* CommuteRoute.storyboard in Resources */ = {isa = PBXBuildFile; fileRef = A99B69AC15DD4EA7DCE59D60837613F3 /* CommuteRoute.storyboard */; };
		CEDEE8F01D2D96DCB636D932A3E4BED5 /* Route.storyboard in Resources */ = {isa = PBXBuildFile; fileRef = 3076E47778D7C47FDEDB4671426B1CFD /* Route.storyboard */; };
		CF4FEBE5B112F5B4139F8DA833438B0C /* HTTPMethod.swift in Sources */ = {isa = PBXBuildFile; fileRef = A57C8B5F90A5EB022F64DBD95F044B11 /* HTTPMethod.swift */; };
		CF52DBDA579483A632E7A239D379565B /* UIView+.swift in Sources */ = {isa = PBXBuildFile; fileRef = B1C1AFA8B7B35AE03AE1770F8A1759E0 /* UIView+.swift */; };
		D2376F170AC8E76892827D41DE52EE25 /* ProgressIndicator.swift in Sources */ = {isa = PBXBuildFile; fileRef = DEFDB7663805F7B562AEE0C199D1BDF6 /* ProgressIndicator.swift */; };
		D81B2324116F73F663D0B4095786AC8C /* NotoSans-Bold.ttf in Resources */ = {isa = PBXBuildFile; fileRef = 7E42A7BD5679FF7C17474441C2628882 /* NotoSans-Bold.ttf */; };
		DAB1CD488A0C5D16EE0A225B40F8F5B4 /* RouteViewController.swift in Sources */ = {isa = PBXBuildFile; fileRef = 4CB3D6CC745CD5C482395546606B1428 /* RouteViewController.swift */; };
		DC6322CF5FCC4C5FE9709618224A08D7 /* Inquiry.storyboard in Resources */ = {isa = PBXBuildFile; fileRef = E2475B9CECC0BA085925DB2631303FDA /* Inquiry.storyboard */; };
		DD3ECC9CB34EBA0271119FADABFC64A5 /* UIAlertController+.swift in Sources */ = {isa = PBXBuildFile; fileRef = 373AE60E4D0B5741DB041BF01EE3305B /* UIAlertController+.swift */; };
		E163599715AB87EF14C7A96392AA5951 /* Functions.swift in Sources */ = {isa = PBXBuildFile; fileRef = 61AF1795BA1A82C4EFF70E45CB2D0A4D /* Functions.swift */; };
		FBEE3D6F1FF840C2538C37F79C02022F /* AssetConstants.swift in Sources */ = {isa = PBXBuildFile; fileRef = 7CF5FD4416C2D534B01A40EC54E9A56D /* AssetConstants.swift */; };
/* End PBXBuildFile section */

/* Begin PBXFileReference section */
		00D3CED2904AC110CF3C35BBC8AEC9A2 /* PopUpViewController.swift */ = {isa = PBXFileReference; lastKnownFileType = sourcecode.swift; path = PopUpViewController.swift; sourceTree = "<group>"; };
		011A8E2DCE4FDEC0E346B31598BC4C3B /* Objects.swift */ = {isa = PBXFileReference; lastKnownFileType = sourcecode.swift; path = Objects.swift; sourceTree = "<group>"; };
		01F6ED1536CEA8CCF331046D5B2FCE87 /* CommuteTableViewCell.swift */ = {isa = PBXFileReference; lastKnownFileType = sourcecode.swift; path = CommuteTableViewCell.swift; sourceTree = "<group>"; };
		06711588E54A7847DFD862E8188910E2 /* RoundUIButton.swift */ = {isa = PBXFileReference; lastKnownFileType = sourcecode.swift; path = RoundUIButton.swift; sourceTree = "<group>"; };
		067AAFEA4A6A3EEDD1199895A28DE2FF /* Base */ = {isa = PBXFileReference; lastKnownFileType = file.storyboard; name = Base; path = Base.lproj/LaunchScreen.storyboard; sourceTree = "<group>"; };
		0932A0D4593DECB81E3A53151F4949A8 /* .swiftlint.yml */ = {isa = PBXFileReference; lastKnownFileType = text; path = .swiftlint.yml; sourceTree = "<group>"; };
		0E26F77E608B50F87160A503AF1A2730 /* Base */ = {isa = PBXFileReference; lastKnownFileType = file.storyboard; name = Base; path = Base.lproj/Main.storyboard; sourceTree = "<group>"; };
		0E29CB009B42C07512EEC5888E8C0375 /* Pods-INUBus.release.xcconfig */ = {isa = PBXFileReference; includeInIndex = 1; lastKnownFileType = text.xcconfig; name = "Pods-INUBus.release.xcconfig"; path = "Target Support Files/Pods-INUBus/Pods-INUBus.release.xcconfig"; sourceTree = "<group>"; };
		0F9CF12C8962132D16BA88C0D80FE36B /* MainTableViewCell.xib */ = {isa = PBXFileReference; lastKnownFileType = file.xib; path = MainTableViewCell.xib; sourceTree = "<group>"; };
		1282D8E1C435D6357C265E1A961CB351 /* RoundUITextField.swift */ = {isa = PBXFileReference; fileEncoding = 4; lastKnownFileType = sourcecode.swift; path = RoundUITextField.swift; sourceTree = "<group>"; };
		13A9193EEBD53730F14C4149AA76833D /* Search.storyboard */ = {isa = PBXFileReference; lastKnownFileType = file.storyboard; path = Search.storyboard; sourceTree = "<group>"; };
		182F5D460692FF89CC2C4B99C93F0266 /* CommuteViewController.swift */ = {isa = PBXFileReference; lastKnownFileType = sourcecode.swift; path = CommuteViewController.swift; sourceTree = "<group>"; };
		199830CA93FF5F65DCEBED654D87C474 /* Info.plist */ = {isa = PBXFileReference; lastKnownFileType = text.plist.xml; path = Info.plist; sourceTree = "<group>"; };
		1AD593875379C23B50170C7AE69FE4E3 /* NotoSans-Medium.ttf */ = {isa = PBXFileReference; lastKnownFileType = file; path = "NotoSans-Medium.ttf"; sourceTree = "<group>"; };
		26834CAEF399CADC4F70154123FC0EC1 /* RouteTableViewCell.swift */ = {isa = PBXFileReference; lastKnownFileType = sourcecode.swift; path = RouteTableViewCell.swift; sourceTree = "<group>"; };
		295738E9BBC10EB9031E9EBD0841CB0A /* BorderUITextView.swift */ = {isa = PBXFileReference; lastKnownFileType = sourcecode.swift; path = BorderUITextView.swift; sourceTree = "<group>"; };
		2E8DE7DCB608C2A9FE006B124276EF63 /* NetworkManager.swift */ = {isa = PBXFileReference; lastKnownFileType = sourcecode.swift; name = NetworkManager.swift; path = INUBus/Network/NetworkManager.swift; sourceTree = SOURCE_ROOT; };
		3076E47778D7C47FDEDB4671426B1CFD /* Route.storyboard */ = {isa = PBXFileReference; lastKnownFileType = file.storyboard; path = Route.storyboard; sourceTree = "<group>"; };
		30E55BF07667FDB7B185225CA534680E /* SearchServiceType.swift */ = {isa = PBXFileReference; lastKnownFileType = sourcecode.swift; path = SearchServiceType.swift; sourceTree = "<group>"; };
		32A2FDCD461A7B921C61FEE6843DB74E /* CommuteRouteViewController.swift */ = {isa = PBXFileReference; lastKnownFileType = sourcecode.swift; path = CommuteRouteViewController.swift; sourceTree = "<group>"; };
		35E1E3D46316FEEC4F7678832546EAAF /* Pods-INUBus.debug.xcconfig */ = {isa = PBXFileReference; includeInIndex = 1; lastKnownFileType = text.xcconfig; name = "Pods-INUBus.debug.xcconfig"; path = "Target Support Files/Pods-INUBus/Pods-INUBus.debug.xcconfig"; sourceTree = "<group>"; };
		373AE60E4D0B5741DB041BF01EE3305B /* UIAlertController+.swift */ = {isa = PBXFileReference; lastKnownFileType = sourcecode.swift; path = "UIAlertController+.swift"; sourceTree = "<group>"; };
		38C9AED849821A253AF7BDD66D2A3AFB /* MainTableViewCell.swift */ = {isa = PBXFileReference; lastKnownFileType = sourcecode.swift; path = MainTableViewCell.swift; sourceTree = "<group>"; };
		38E14AA1EF408C3914D18D09F5002C5D /* DrawerViewController.swift */ = {isa = PBXFileReference; lastKnownFileType = sourcecode.swift; path = DrawerViewController.swift; sourceTree = "<group>"; };
		3DE4EB47C00B1DD869CAFE437E0B1A9B /* SearchTableViewCell.swift */ = {isa = PBXFileReference; lastKnownFileType = sourcecode.swift; path = SearchTableViewCell.swift; sourceTree = "<group>"; };
		40C436FCBF898468466EA9C320DF4264 /* UIViewController+.swift */ = {isa = PBXFileReference; lastKnownFileType = sourcecode.swift; path = "UIViewController+.swift"; sourceTree = "<group>"; };
		441635CE47E9ADCA96C97A85C73CD02A /* EngineeringViewController.swift */ = {isa = PBXFileReference; lastKnownFileType = sourcecode.swift; path = EngineeringViewController.swift; sourceTree = "<group>"; };
		47EF3A66BCCA3E9CDDC5396B99220727 /* ArrivalInfoServiceType.swift */ = {isa = PBXFileReference; lastKnownFileType = sourcecode.swift; path = ArrivalInfoServiceType.swift; sourceTree = "<group>"; };
		4C143317281489595FD685DE488EE847 /* Jalnan.ttf */ = {isa = PBXFileReference; lastKnownFileType = file; path = Jalnan.ttf; sourceTree = "<group>"; };
		4CB3D6CC745CD5C482395546606B1428 /* RouteViewController.swift */ = {isa = PBXFileReference; lastKnownFileType = sourcecode.swift; path = RouteViewController.swift; sourceTree = "<group>"; };
		58C04DA5E34554444E836E5E604687E7 /* Pods_INUBus.framework */ = {isa = PBXFileReference; explicitFileType = wrapper.framework; includeInIndex = 0; path = Pods_INUBus.framework; sourceTree = BUILT_PRODUCTS_DIR; };
		5C35EB59F75B33542EB804D6A99C59D2 /* CALayer+.swift */ = {isa = PBXFileReference; lastKnownFileType = sourcecode.swift; path = "CALayer+.swift"; sourceTree = "<group>"; };
		5D4333AC69DDC5C5D06E65311D6B706D /* CommuteTableViewCell.xib */ = {isa = PBXFileReference; lastKnownFileType = file.xib; path = CommuteTableViewCell.xib; sourceTree = "<group>"; };
		6184DBC64C76146A7F4647EAA388967A /* SearchTableViewCell.xib */ = {isa = PBXFileReference; lastKnownFileType = file.xib; path = SearchTableViewCell.xib; sourceTree = "<group>"; };
		61AF1795BA1A82C4EFF70E45CB2D0A4D /* Functions.swift */ = {isa = PBXFileReference; lastKnownFileType = sourcecode.swift; path = Functions.swift; sourceTree = "<group>"; };
		6758C916C9CC01AE973B83F9282DEF41 /* Server.swift */ = {isa = PBXFileReference; lastKnownFileType = sourcecode.swift; path = Server.swift; sourceTree = "<group>"; };
		68296BB72BDDF860941CA82161A2556A /* NotoSans-ExtraBold.ttf */ = {isa = PBXFileReference; lastKnownFileType = file; path = "NotoSans-ExtraBold.ttf"; sourceTree = "<group>"; };
		6FA49FEE7F8AD342642E6CCF92842ACE /* ArrivalInfoService.swift */ = {isa = PBXFileReference; lastKnownFileType = sourcecode.swift; path = ArrivalInfoService.swift; sourceTree = "<group>"; };
		7650B4579CAF352549CCB517852F7443 /* ScienceViewController.swift */ = {isa = PBXFileReference; lastKnownFileType = sourcecode.swift; path = ScienceViewController.swift; sourceTree = "<group>"; };
		774ECDFB09CCD2995D874DD5BD9D68CA /* Assets.xcassets */ = {isa = PBXFileReference; lastKnownFileType = folder.assetcatalog; path = Assets.xcassets; sourceTree = "<group>"; };
		7CF5FD4416C2D534B01A40EC54E9A56D /* AssetConstants.swift */ = {isa = PBXFileReference; lastKnownFileType = sourcecode.swift; path = AssetConstants.swift; sourceTree = "<group>"; };
		7D0261165311A43AB56472C40FF8BAC4 /* ExtensionKYDrawerController.swift */ = {isa = PBXFileReference; lastKnownFileType = sourcecode.swift; path = ExtensionKYDrawerController.swift; sourceTree = "<group>"; };
		7E42A7BD5679FF7C17474441C2628882 /* NotoSans-Bold.ttf */ = {isa = PBXFileReference; lastKnownFileType = file; path = "NotoSans-Bold.ttf"; sourceTree = "<group>"; };
		832C5D6C937F54C48DFBBEACB0AC3C51 /* UIImage+.swift */ = {isa = PBXFileReference; lastKnownFileType = sourcecode.swift; path = "UIImage+.swift"; sourceTree = "<group>"; };
		8A32DC46501CB1B75B4095BB430FB210 /* BusTypeInfo.swift */ = {isa = PBXFileReference; lastKnownFileType = sourcecode.swift; path = BusTypeInfo.swift; sourceTree = "<group>"; };
		8A4A744D811B841ED34C684EF0ADAA77 /* MainViewController.swift */ = {isa = PBXFileReference; lastKnownFileType = sourcecode.swift; path = MainViewController.swift; sourceTree = "<group>"; };
		91677746AF074356C51B56EF596921B8 /* StringConstants.swift */ = {isa = PBXFileReference; lastKnownFileType = sourcecode.swift; path = StringConstants.swift; sourceTree = "<group>"; };
		96C6DB49E8169BD07F59F3EE86BBBC77 /* Date+.swift */ = {isa = PBXFileReference; lastKnownFileType = sourcecode.swift; path = "Date+.swift"; sourceTree = "<group>"; };
		9F6B4A7897D0C08A5C81281C8AD0851A /* ReloadDataDelegate.swift */ = {isa = PBXFileReference; lastKnownFileType = sourcecode.swift; path = ReloadDataDelegate.swift; sourceTree = "<group>"; };
		9FCFBE98EDF0B3D79B0FE314F1DEE460 /* NanumSquareBold.ttf */ = {isa = PBXFileReference; lastKnownFileType = file; path = NanumSquareBold.ttf; sourceTree = "<group>"; };
		A51BE30E11551DDAFA4FD9ECCCB0748F /* RoundUIView.swift */ = {isa = PBXFileReference; lastKnownFileType = sourcecode.swift; path = RoundUIView.swift; sourceTree = "<group>"; };
		A57C8B5F90A5EB022F64DBD95F044B11 /* HTTPMethod.swift */ = {isa = PBXFileReference; lastKnownFileType = sourcecode.swift; name = HTTPMethod.swift; path = INUBus/Network/HTTPMethod.swift; sourceTree = SOURCE_ROOT; };
		A9784DE29033159838A8FBEDD4E0097C /* Drawer.storyboard */ = {isa = PBXFileReference; lastKnownFileType = file.storyboard; path = Drawer.storyboard; sourceTree = "<group>"; };
		A99B69AC15DD4EA7DCE59D60837613F3 /* CommuteRoute.storyboard */ = {isa = PBXFileReference; lastKnownFileType = file.storyboard; path = CommuteRoute.storyboard; sourceTree = "<group>"; };
		B1C1AFA8B7B35AE03AE1770F8A1759E0 /* UIView+.swift */ = {isa = PBXFileReference; lastKnownFileType = sourcecode.swift; path = "UIView+.swift"; sourceTree = "<group>"; };
		B5F867E9EFCF55D7B6A6D567CED4BABC /* SearchService.swift */ = {isa = PBXFileReference; lastKnownFileType = sourcecode.swift; path = SearchService.swift; sourceTree = "<group>"; };
		C248CBF1C41AD1142A07F58620818B9E /* InquiryViewController.swift */ = {isa = PBXFileReference; lastKnownFileType = sourcecode.swift; path = InquiryViewController.swift; sourceTree = "<group>"; };
		C2B27BE087CA7E67652D19DC4B816CBF /* Engineering.storyboard */ = {isa = PBXFileReference; lastKnownFileType = file.storyboard; path = Engineering.storyboard; sourceTree = "<group>"; };
		C64D9C4B5531AE85FB85C9803746C63B /* AppDelegate.swift */ = {isa = PBXFileReference; lastKnownFileType = sourcecode.swift; path = AppDelegate.swift; sourceTree = "<group>"; };
		CB2723906CFB10A098AFB93852D98A19 /* NotoSans-SemiBold.ttf */ = {isa = PBXFileReference; lastKnownFileType = file; path = "NotoSans-SemiBold.ttf"; sourceTree = "<group>"; };
		CF5EBD2F9FCE5F285B5FD3C1ECF75031 /* RouteTableViewCell.xib */ = {isa = PBXFileReference; lastKnownFileType = file.xib; path = RouteTableViewCell.xib; sourceTree = "<group>"; };
		D0B0231627F638EFF5759FB4C1FDC36B /* NotoSans-Regular.ttf */ = {isa = PBXFileReference; lastKnownFileType = file; path = "NotoSans-Regular.ttf"; sourceTree = "<group>"; };
		D1147FCD0C86E7FA6426D179DDB9BC13 /* INUBus.app */ = {isa = PBXFileReference; explicitFileType = wrapper.application; includeInIndex = 0; path = INUBus.app; sourceTree = BUILT_PRODUCTS_DIR; };
		D130B971A9DCC35E7AAF39F5B95B924D /* Commute.swift */ = {isa = PBXFileReference; lastKnownFileType = sourcecode.swift; path = Commute.swift; sourceTree = "<group>"; };
		D4EE18FC39A526DFAF4AAECDDE88F2C8 /* UIColor+.swift */ = {isa = PBXFileReference; lastKnownFileType = sourcecode.swift; path = "UIColor+.swift"; sourceTree = "<group>"; };
		D607F41DEB9006F851C97E8B941B4CB8 /* Science.storyboard */ = {isa = PBXFileReference; lastKnownFileType = file.storyboard; path = Science.storyboard; sourceTree = "<group>"; };
		D63BF221AC6B68EBDA6A2FBAB6927EF5 /* BusColor.swift */ = {isa = PBXFileReference; lastKnownFileType = sourcecode.swift; path = BusColor.swift; sourceTree = "<group>"; };
		DD2E529FBC7F66769B158E0328C05689 /* Log.swift */ = {isa = PBXFileReference; fileEncoding = 4; lastKnownFileType = sourcecode.swift; path = Log.swift; sourceTree = "<group>"; };
		DEFDB7663805F7B562AEE0C199D1BDF6 /* ProgressIndicator.swift */ = {isa = PBXFileReference; lastKnownFileType = sourcecode.swift; path = ProgressIndicator.swift; sourceTree = "<group>"; };
		E0E81CEC445D1F65C02C2EC1B872FFCC /* TableViewUpDelegate.swift */ = {isa = PBXFileReference; lastKnownFileType = sourcecode.swift; path = TableViewUpDelegate.swift; sourceTree = "<group>"; };
		E2475B9CECC0BA085925DB2631303FDA /* Inquiry.storyboard */ = {isa = PBXFileReference; lastKnownFileType = file.storyboard; path = Inquiry.storyboard; sourceTree = "<group>"; };
		E9147A63986C78550112B2DC38FCDDA8 /* Template.storyboard */ = {isa = PBXFileReference; lastKnownFileType = file.storyboard; path = Template.storyboard; sourceTree = "<group>"; };
		EBD768A0A45311216AAD2C4042918D42 /* Commute.storyboard */ = {isa = PBXFileReference; lastKnownFileType = file.storyboard; path = Commute.storyboard; sourceTree = "<group>"; };
		F16BF3B61D8A26E4F692C5EA0560B291 /* NanumSquareRegular.ttf */ = {isa = PBXFileReference; lastKnownFileType = file; path = NanumSquareRegular.ttf; sourceTree = "<group>"; };
		FE2003AE4E43A7A44FC0EC83247976FE /* SearchViewController.swift */ = {isa = PBXFileReference; lastKnownFileType = sourcecode.swift; path = SearchViewController.swift; sourceTree = "<group>"; };
/* End PBXFileReference section */

/* Begin PBXFrameworksBuildPhase section */
		5C9C38040DE8ACF0F99909C14823AA2F /* Frameworks */ = {
			isa = PBXFrameworksBuildPhase;
			buildActionMask = 2147483647;
			files = (
				77C9852A646B9DBBBF0F4254A777EF6F /* Pods_INUBus.framework in Frameworks */,
			);
			runOnlyForDeploymentPostprocessing = 0;
		};
/* End PBXFrameworksBuildPhase section */

/* Begin PBXGroup section */
		051F8C4A863E10071872C854B32DCE25 /* Science */ = {
			isa = PBXGroup;
			children = (
				D607F41DEB9006F851C97E8B941B4CB8 /* Science.storyboard */,
				7650B4579CAF352549CCB517852F7443 /* ScienceViewController.swift */,
			);
			path = Science;
			sourceTree = "<group>";
		};
		17D36FE17B68139817A543A9FAC7380D /* Cell */ = {
			isa = PBXGroup;
			children = (
				01F6ED1536CEA8CCF331046D5B2FCE87 /* CommuteTableViewCell.swift */,
				5D4333AC69DDC5C5D06E65311D6B706D /* CommuteTableViewCell.xib */,
				38C9AED849821A253AF7BDD66D2A3AFB /* MainTableViewCell.swift */,
				0F9CF12C8962132D16BA88C0D80FE36B /* MainTableViewCell.xib */,
				26834CAEF399CADC4F70154123FC0EC1 /* RouteTableViewCell.swift */,
				CF5EBD2F9FCE5F285B5FD3C1ECF75031 /* RouteTableViewCell.xib */,
				3DE4EB47C00B1DD869CAFE437E0B1A9B /* SearchTableViewCell.swift */,
				6184DBC64C76146A7F4647EAA388967A /* SearchTableViewCell.xib */,
			);
			path = Cell;
			sourceTree = "<group>";
		};
		1DC6F11B1F54D58DA22086A5E1CE8DBD = {
			isa = PBXGroup;
			children = (
				5865165E3E65C29BB11B8CCC357F788F /* Frameworks */,
				82781A26C8B114511B18F876A7FC5FF0 /* INUBus */,
				EDCCBCB6D7A403B6C1797697DBB18410 /* Pods */,
				26B7FF055DF18A9E6C9C5FB448B882FC /* Products */,
				0932A0D4593DECB81E3A53151F4949A8 /* .swiftlint.yml */,
			);
			sourceTree = "<group>";
		};
		2386BE588CE8B9625F2F210BF3FD6663 /* Supporting Files */ = {
			isa = PBXGroup;
			children = (
				A7A8BBB51597AB8D368EB0639F612160 /* Font */,
				C64D9C4B5531AE85FB85C9803746C63B /* AppDelegate.swift */,
				774ECDFB09CCD2995D874DD5BD9D68CA /* Assets.xcassets */,
				199830CA93FF5F65DCEBED654D87C474 /* Info.plist */,
				9A1372AA8808FD16527B5E902A40A179 /* LaunchScreen.storyboard */,
				0C1B424F066BD42F360911724B783136 /* Main.storyboard */,
			);
			path = "Supporting Files";
			sourceTree = "<group>";
		};
		26B7FF055DF18A9E6C9C5FB448B882FC /* Products */ = {
			isa = PBXGroup;
			children = (
				D1147FCD0C86E7FA6426D179DDB9BC13 /* INUBus.app */,
			);
			name = Products;
			sourceTree = "<group>";
		};
		3EC651BE82E05D1CC429F3F581D242E5 /* Drawer */ = {
			isa = PBXGroup;
			children = (
				A9784DE29033159838A8FBEDD4E0097C /* Drawer.storyboard */,
				38E14AA1EF408C3914D18D09F5002C5D /* DrawerViewController.swift */,
			);
			path = Drawer;
			sourceTree = "<group>";
		};
		5865165E3E65C29BB11B8CCC357F788F /* Frameworks */ = {
			isa = PBXGroup;
			children = (
				58C04DA5E34554444E836E5E604687E7 /* Pods_INUBus.framework */,
			);
			name = Frameworks;
			sourceTree = "<group>";
		};
		5A0AA75F38831FD6B329EAE2BF832069 /* Route */ = {
			isa = PBXGroup;
			children = (
				A99B69AC15DD4EA7DCE59D60837613F3 /* CommuteRoute.storyboard */,
				32A2FDCD461A7B921C61FEE6843DB74E /* CommuteRouteViewController.swift */,
				3076E47778D7C47FDEDB4671426B1CFD /* Route.storyboard */,
				4CB3D6CC745CD5C482395546606B1428 /* RouteViewController.swift */,
				E0E81CEC445D1F65C02C2EC1B872FFCC /* TableViewUpDelegate.swift */,
			);
			path = Route;
			sourceTree = "<group>";
		};
		61C1EEA038D950B1C6DC92B83B8A6C13 /* Extension */ = {
			isa = PBXGroup;
			children = (
				5C35EB59F75B33542EB804D6A99C59D2 /* CALayer+.swift */,
				96C6DB49E8169BD07F59F3EE86BBBC77 /* Date+.swift */,
				373AE60E4D0B5741DB041BF01EE3305B /* UIAlertController+.swift */,
				D4EE18FC39A526DFAF4AAECDDE88F2C8 /* UIColor+.swift */,
				832C5D6C937F54C48DFBBEACB0AC3C51 /* UIImage+.swift */,
				B1C1AFA8B7B35AE03AE1770F8A1759E0 /* UIView+.swift */,
				40C436FCBF898468466EA9C320DF4264 /* UIViewController+.swift */,
			);
			path = Extension;
			sourceTree = "<group>";
		};
		82781A26C8B114511B18F876A7FC5FF0 /* INUBus */ = {
			isa = PBXGroup;
			children = (
				17D36FE17B68139817A543A9FAC7380D /* Cell */,
				C4DC1CD38BAB44A1783C1679217F4F36 /* Common */,
				3EC651BE82E05D1CC429F3F581D242E5 /* Drawer */,
				61C1EEA038D950B1C6DC92B83B8A6C13 /* Extension */,
				F3BD5C110E063A0AB9EFC9AB7336FD7F /* Inquiry */,
				A5C667D7342C198DF6C1291EEBB16701 /* Main */,
				940398F5BB1D3971D21DDE4353D39DCD /* Model */,
				85598A2EF7262004E5D8E41CD2503E53 /* Network */,
				5A0AA75F38831FD6B329EAE2BF832069 /* Route */,
				89FEB4F59CBFCA31FB23AA7251C8A6FE /* Search */,
				2386BE588CE8B9625F2F210BF3FD6663 /* Supporting Files */,
			);
			path = INUBus;
			sourceTree = "<group>";
		};
		85598A2EF7262004E5D8E41CD2503E53 /* Network */ = {
			isa = PBXGroup;
			children = (
				A57C8B5F90A5EB022F64DBD95F044B11 /* HTTPMethod.swift */,
				2E8DE7DCB608C2A9FE006B124276EF63 /* NetworkManager.swift */,
			);
			path = Network;
			sourceTree = "<group>";
		};
		89FEB4F59CBFCA31FB23AA7251C8A6FE /* Search */ = {
			isa = PBXGroup;
			children = (
				13A9193EEBD53730F14C4149AA76833D /* Search.storyboard */,
				B5F867E9EFCF55D7B6A6D567CED4BABC /* SearchService.swift */,
				30E55BF07667FDB7B185225CA534680E /* SearchServiceType.swift */,
				FE2003AE4E43A7A44FC0EC83247976FE /* SearchViewController.swift */,
			);
			path = Search;
			sourceTree = "<group>";
		};
		940398F5BB1D3971D21DDE4353D39DCD /* Model */ = {
			isa = PBXGroup;
			children = (
				7CF5FD4416C2D534B01A40EC54E9A56D /* AssetConstants.swift */,
				295738E9BBC10EB9031E9EBD0841CB0A /* BorderUITextView.swift */,
				D63BF221AC6B68EBDA6A2FBAB6927EF5 /* BusColor.swift */,
				8A32DC46501CB1B75B4095BB430FB210 /* BusTypeInfo.swift */,
				7D0261165311A43AB56472C40FF8BAC4 /* ExtensionKYDrawerController.swift */,
				011A8E2DCE4FDEC0E346B31598BC4C3B /* Objects.swift */,
				06711588E54A7847DFD862E8188910E2 /* RoundUIButton.swift */,
				1282D8E1C435D6357C265E1A961CB351 /* RoundUITextField.swift */,
				A51BE30E11551DDAFA4FD9ECCCB0748F /* RoundUIView.swift */,
				91677746AF074356C51B56EF596921B8 /* StringConstants.swift */,
			);
			path = Model;
			sourceTree = "<group>";
		};
		9F599152AAE898A9D0FFEF233F3833B8 /* Commute */ = {
			isa = PBXGroup;
			children = (
				EBD768A0A45311216AAD2C4042918D42 /* Commute.storyboard */,
				182F5D460692FF89CC2C4B99C93F0266 /* CommuteViewController.swift */,
			);
			path = Commute;
			sourceTree = "<group>";
		};
		A5C667D7342C198DF6C1291EEBB16701 /* Main */ = {
			isa = PBXGroup;
			children = (
				9F599152AAE898A9D0FFEF233F3833B8 /* Commute */,
				BE7073A63A28DC5CC811A2D3DD42943D /* Engineering */,
				051F8C4A863E10071872C854B32DCE25 /* Science */,
				6FA49FEE7F8AD342642E6CCF92842ACE /* ArrivalInfoService.swift */,
				47EF3A66BCCA3E9CDDC5396B99220727 /* ArrivalInfoServiceType.swift */,
				8A4A744D811B841ED34C684EF0ADAA77 /* MainViewController.swift */,
				9F6B4A7897D0C08A5C81281C8AD0851A /* ReloadDataDelegate.swift */,
				E9147A63986C78550112B2DC38FCDDA8 /* Template.storyboard */,
			);
			path = Main;
			sourceTree = "<group>";
		};
		A7A8BBB51597AB8D368EB0639F612160 /* Font */ = {
			isa = PBXGroup;
			children = (
				4C143317281489595FD685DE488EE847 /* Jalnan.ttf */,
				9FCFBE98EDF0B3D79B0FE314F1DEE460 /* NanumSquareBold.ttf */,
				F16BF3B61D8A26E4F692C5EA0560B291 /* NanumSquareRegular.ttf */,
				7E42A7BD5679FF7C17474441C2628882 /* NotoSans-Bold.ttf */,
				68296BB72BDDF860941CA82161A2556A /* NotoSans-ExtraBold.ttf */,
				1AD593875379C23B50170C7AE69FE4E3 /* NotoSans-Medium.ttf */,
				D0B0231627F638EFF5759FB4C1FDC36B /* NotoSans-Regular.ttf */,
				CB2723906CFB10A098AFB93852D98A19 /* NotoSans-SemiBold.ttf */,
			);
			path = Font;
			sourceTree = "<group>";
		};
		BE7073A63A28DC5CC811A2D3DD42943D /* Engineering */ = {
			isa = PBXGroup;
			children = (
				C2B27BE087CA7E67652D19DC4B816CBF /* Engineering.storyboard */,
				441635CE47E9ADCA96C97A85C73CD02A /* EngineeringViewController.swift */,
			);
			path = Engineering;
			sourceTree = "<group>";
		};
		C4DC1CD38BAB44A1783C1679217F4F36 /* Common */ = {
			isa = PBXGroup;
			children = (
				D130B971A9DCC35E7AAF39F5B95B924D /* Commute.swift */,
				61AF1795BA1A82C4EFF70E45CB2D0A4D /* Functions.swift */,
				DD2E529FBC7F66769B158E0328C05689 /* Log.swift */,
				DEFDB7663805F7B562AEE0C199D1BDF6 /* ProgressIndicator.swift */,
				6758C916C9CC01AE973B83F9282DEF41 /* Server.swift */,
			);
			path = Common;
			sourceTree = "<group>";
		};
		EDCCBCB6D7A403B6C1797697DBB18410 /* Pods */ = {
			isa = PBXGroup;
			children = (
				35E1E3D46316FEEC4F7678832546EAAF /* Pods-INUBus.debug.xcconfig */,
				0E29CB009B42C07512EEC5888E8C0375 /* Pods-INUBus.release.xcconfig */,
			);
			path = Pods;
			sourceTree = "<group>";
		};
		F3BD5C110E063A0AB9EFC9AB7336FD7F /* Inquiry */ = {
			isa = PBXGroup;
			children = (
				E2475B9CECC0BA085925DB2631303FDA /* Inquiry.storyboard */,
				C248CBF1C41AD1142A07F58620818B9E /* InquiryViewController.swift */,
				00D3CED2904AC110CF3C35BBC8AEC9A2 /* PopUpViewController.swift */,
			);
			path = Inquiry;
			sourceTree = "<group>";
		};
/* End PBXGroup section */

/* Begin PBXNativeTarget section */
		489386A155174CD1270AADB0271C2729 /* INUBus */ = {
			isa = PBXNativeTarget;
			buildConfigurationList = DE6E88A6A86CD95C1CAA2011E0A1FB2B /* Build configuration list for PBXNativeTarget "INUBus" */;
			buildPhases = (
				C8CE15AA739874D68641EDE4A0D354A4 /* [CP] Check Pods Manifest.lock */,
				588F88A1EF2B60D06957F7B2355AA794 /* Sources */,
				5C9C38040DE8ACF0F99909C14823AA2F /* Frameworks */,
				DBFA0670D838C89E2FDFE5374BEAA187 /* Resources */,
				0092417A778B59E82E65BD53785519FC /* Run Script */,
				BE6E7D9F5A82162E435AF450B839E98B /* [CP] Embed Pods Frameworks */,
			);
			buildRules = (
			);
			dependencies = (
			);
			name = INUBus;
			productName = INUBus;
			productReference = D1147FCD0C86E7FA6426D179DDB9BC13 /* INUBus.app */;
			productType = "com.apple.product-type.application";
		};
/* End PBXNativeTarget section */

/* Begin PBXProject section */
		BF978030F6E523F2E7DDC096BD1F9DCA /* Project object */ = {
			isa = PBXProject;
			attributes = {
				LastSwiftUpdateCheck = 1020;
				LastUpgradeCheck = 1020;
				ORGANIZATIONNAME = zun;
				TargetAttributes = {
					489386A155174CD1270AADB0271C2729 = {
						CreatedOnToolsVersion = 10.2.1;
					};
				};
			};
			buildConfigurationList = C1075C7119C704871AD914A12B3F5036 /* Build configuration list for PBXProject "INUBus" */;
			compatibilityVersion = "Xcode 9.3";
			developmentRegion = en;
			hasScannedForEncodings = 0;
			knownRegions = (
				en,
				Base,
			);
			mainGroup = 1DC6F11B1F54D58DA22086A5E1CE8DBD;
			productRefGroup = 26B7FF055DF18A9E6C9C5FB448B882FC /* Products */;
			projectDirPath = "";
			projectRoot = "";
			targets = (
				489386A155174CD1270AADB0271C2729 /* INUBus */,
			);
		};
/* End PBXProject section */

/* Begin PBXResourcesBuildPhase section */
		DBFA0670D838C89E2FDFE5374BEAA187 /* Resources */ = {
			isa = PBXResourcesBuildPhase;
			buildActionMask = 2147483647;
			files = (
				8CDF1B51C09E4CB678CAFEF74F0DF600 /* .swiftlint.yml in Resources */,
				0A815557BCDBD508729352220810CB0B /* Assets.xcassets in Resources */,
				940659D0CDA672E54DBCF5E57E76B08F /* Commute.storyboard in Resources */,
				CB3BECF2034918C9CF535D50675B5F5E /* CommuteRoute.storyboard in Resources */,
				8D1C15B5D5A69351679A5ECB1BC20AE5 /* CommuteTableViewCell.xib in Resources */,
				547D8E1EA71401AED07C064D04E2EE37 /* Drawer.storyboard in Resources */,
				C02D7CB2AC854F718D57FE7D182955A6 /* Engineering.storyboard in Resources */,
				DC6322CF5FCC4C5FE9709618224A08D7 /* Inquiry.storyboard in Resources */,
				2D30DC609A4DFA975CB6235D8F8E364A /* Jalnan.ttf in Resources */,
				BB273582BF2BCA636C39145A66B91B38 /* LaunchScreen.storyboard in Resources */,
				BE71DED6C64B0FB65C75326039803CB1 /* Main.storyboard in Resources */,
				08A370DEDD86466EF2A5240DB821B5D7 /* MainTableViewCell.xib in Resources */,
				32DE2E250D84B6B082698826F95E439C /* NanumSquareBold.ttf in Resources */,
				C6B424D583500F803D4EE21F14009BF5 /* NanumSquareRegular.ttf in Resources */,
				D81B2324116F73F663D0B4095786AC8C /* NotoSans-Bold.ttf in Resources */,
				35630E1C65E037008E074671BE1BCF75 /* NotoSans-ExtraBold.ttf in Resources */,
				21EAF23CA81A317F9A384EF35AA81968 /* NotoSans-Medium.ttf in Resources */,
				6351C71E97A6B72284E627130F50B949 /* NotoSans-Regular.ttf in Resources */,
				A3FECE8036646E99C101F39ACBD52B30 /* NotoSans-SemiBold.ttf in Resources */,
				CEDEE8F01D2D96DCB636D932A3E4BED5 /* Route.storyboard in Resources */,
				2B548507D720AA1488EF40A084B43509 /* RouteTableViewCell.xib in Resources */,
				235ED647A90AA579388333DB6B3A34A4 /* Science.storyboard in Resources */,
				5120FBE3A3189AF90B3AE4C750694FF8 /* Search.storyboard in Resources */,
				68501155673108CF7ECB3C6D48232026 /* SearchTableViewCell.xib in Resources */,
				968126C3082BE260A070AAA493563DC2 /* Template.storyboard in Resources */,
			);
			runOnlyForDeploymentPostprocessing = 0;
		};
/* End PBXResourcesBuildPhase section */

/* Begin PBXShellScriptBuildPhase section */
		0092417A778B59E82E65BD53785519FC /* Run Script */ = {
			isa = PBXShellScriptBuildPhase;
			buildActionMask = 2147483647;
			files = (
			);
			inputFileListPaths = (
			);
			inputPaths = (
			);
			name = "Run Script";
			outputFileListPaths = (
			);
			outputPaths = (
			);
			runOnlyForDeploymentPostprocessing = 0;
			shellPath = /bin/sh;
			shellScript = "${PODS_ROOT}/SwiftLint/swiftlint\n";
		};
		BE6E7D9F5A82162E435AF450B839E98B /* [CP] Embed Pods Frameworks */ = {
			isa = PBXShellScriptBuildPhase;
			buildActionMask = 2147483647;
			files = (
			);
			inputFileListPaths = (
			);
			inputPaths = (
				"${PODS_ROOT}/Target Support Files/Pods-INUBus/Pods-INUBus-frameworks.sh",
				"${BUILT_PRODUCTS_DIR}/KYDrawerController/KYDrawerController.framework",
			);
			name = "[CP] Embed Pods Frameworks";
			outputFileListPaths = (
			);
			outputPaths = (
				"${TARGET_BUILD_DIR}/${FRAMEWORKS_FOLDER_PATH}/KYDrawerController.framework",
			);
			runOnlyForDeploymentPostprocessing = 0;
			shellPath = /bin/sh;
			shellScript = "\"${PODS_ROOT}/Target Support Files/Pods-INUBus/Pods-INUBus-frameworks.sh\"\n";
			showEnvVarsInLog = 0;
		};
		C8CE15AA739874D68641EDE4A0D354A4 /* [CP] Check Pods Manifest.lock */ = {
			isa = PBXShellScriptBuildPhase;
			buildActionMask = 2147483647;
			files = (
			);
			inputFileListPaths = (
			);
			inputPaths = (
				"${PODS_PODFILE_DIR_PATH}/Podfile.lock",
				"${PODS_ROOT}/Manifest.lock",
			);
			name = "[CP] Check Pods Manifest.lock";
			outputFileListPaths = (
			);
			outputPaths = (
				"$(DERIVED_FILE_DIR)/Pods-INUBus-checkManifestLockResult.txt",
			);
			runOnlyForDeploymentPostprocessing = 0;
			shellPath = /bin/sh;
			shellScript = "diff \"${PODS_PODFILE_DIR_PATH}/Podfile.lock\" \"${PODS_ROOT}/Manifest.lock\" > /dev/null\nif [ $? != 0 ] ; then\n    # print error to STDERR\n    echo \"error: The sandbox is not in sync with the Podfile.lock. Run 'pod install' or update your CocoaPods installation.\" >&2\n    exit 1\nfi\n# This output is used by Xcode 'outputs' to avoid re-running this script phase.\necho \"SUCCESS\" > \"${SCRIPT_OUTPUT_FILE_0}\"\n";
			showEnvVarsInLog = 0;
		};
/* End PBXShellScriptBuildPhase section */

/* Begin PBXSourcesBuildPhase section */
		588F88A1EF2B60D06957F7B2355AA794 /* Sources */ = {
			isa = PBXSourcesBuildPhase;
			buildActionMask = 2147483647;
			files = (
				8E91701C17D0FD4E6BAA367C9FF49692 /* AppDelegate.swift in Sources */,
				946BAC509886E1791984B24E893ECBAB /* ArrivalInfoService.swift in Sources */,
				644727D190419963CB7F2BCF0B84157F /* ArrivalInfoServiceType.swift in Sources */,
				FBEE3D6F1FF840C2538C37F79C02022F /* AssetConstants.swift in Sources */,
				A7B0C92235F931F9759008D3BE07E0E7 /* BorderUITextView.swift in Sources */,
				6B3042678962D413F9F0ED2D0F8A34DC /* BusColor.swift in Sources */,
				2FD98317558D4C3364061DE0E23BA879 /* BusTypeInfo.swift in Sources */,
				7C7B7BC84223896A934A9138C98634ED /* CALayer+.swift in Sources */,
				260EC4B57AF232E57DBBBF5D3F0DE070 /* Commute.swift in Sources */,
				AAA4B84C367ED3C0DAF1230F3D24D9B9 /* CommuteRouteViewController.swift in Sources */,
				15BA6641159AF41E6E775E99C1F314EC /* CommuteTableViewCell.swift in Sources */,
				0FF3E4E382263248390315F38CFE80EC /* CommuteViewController.swift in Sources */,
				4B2805EE1996902E2475A9F069CEB5E5 /* Date+.swift in Sources */,
				17498620253ABA56020461794E1EEDAD /* DrawerViewController.swift in Sources */,
				00FA0FEF86806E211C68FF9751EC1040 /* EngineeringViewController.swift in Sources */,
				698E4FB5D3A344944C2DA7358D3B6F70 /* ExtensionKYDrawerController.swift in Sources */,
				E163599715AB87EF14C7A96392AA5951 /* Functions.swift in Sources */,
				CF4FEBE5B112F5B4139F8DA833438B0C /* HTTPMethod.swift in Sources */,
				8844173FEADC6EB17016988BE9F8EB67 /* InquiryViewController.swift in Sources */,
				0704DB2CBEE66F6E3147EBB43F7A8179 /* Log.swift in Sources */,
				78612C9ADEADE74BFCC47AE7D40BAC50 /* MainTableViewCell.swift in Sources */,
				0B7EC6CC51ED6482D50BF733A98A65E3 /* MainViewController.swift in Sources */,
				89908192514DF5A1B43422FBAB12102A /* NetworkManager.swift in Sources */,
				5085526B0373F523687B9ABD42A02498 /* Objects.swift in Sources */,
				60C5C6CA2B8002D47B9D4A865058CE77 /* PopUpViewController.swift in Sources */,
				D2376F170AC8E76892827D41DE52EE25 /* ProgressIndicator.swift in Sources */,
				AC2A7B45131837AAAF0BBDBEFB9DFFE2 /* ReloadDataDelegate.swift in Sources */,
				8B993AC1AE2AF90DF71BF91E6801738A /* RoundUIButton.swift in Sources */,
				08AF930433ADB310D3A6F970BAC0FBBC /* RoundUITextField.swift in Sources */,
				458C2563E9403AC254638FF24947BAC3 /* RoundUIView.swift in Sources */,
				17A5BEA1C3F419885FFB2DED8086B5EF /* RouteTableViewCell.swift in Sources */,
				DAB1CD488A0C5D16EE0A225B40F8F5B4 /* RouteViewController.swift in Sources */,
				07B83ED7F32E92279857F25D1DF6F292 /* ScienceViewController.swift in Sources */,
				57C6651638F3BF782989C2345A08F6E1 /* SearchService.swift in Sources */,
				4F34B768D804FAC0DC3955777C63CFA4 /* SearchServiceType.swift in Sources */,
				9A0E1992BB4AF959A267967D778F3437 /* SearchTableViewCell.swift in Sources */,
				9FF37A04ADED104662BFB8CD699C33BD /* SearchViewController.swift in Sources */,
				12197ED56D033A4E6F6146B9DB84B405 /* Server.swift in Sources */,
				07F642EEB59CFF4780E3D9CEC8B714F5 /* StringConstants.swift in Sources */,
				ACDEA2877C9CA41C17DF4B2C7EDB1069 /* TableViewUpDelegate.swift in Sources */,
				DD3ECC9CB34EBA0271119FADABFC64A5 /* UIAlertController+.swift in Sources */,
				71F042371D539E91497C7EF0BCB50417 /* UIColor+.swift in Sources */,
				0DF15FC4117DF01770EE7B2FFC8FDD30 /* UIImage+.swift in Sources */,
				CF52DBDA579483A632E7A239D379565B /* UIView+.swift in Sources */,
				14F34526C6A9EADDE2C17B121E38900B /* UIViewController+.swift in Sources */,
			);
			runOnlyForDeploymentPostprocessing = 0;
		};
/* End PBXSourcesBuildPhase section */

/* Begin PBXVariantGroup section */
		0C1B424F066BD42F360911724B783136 /* Main.storyboard */ = {
			isa = PBXVariantGroup;
			children = (
				0E26F77E608B50F87160A503AF1A2730 /* Base */,
			);
			name = Main.storyboard;
			sourceTree = "<group>";
		};
		9A1372AA8808FD16527B5E902A40A179 /* LaunchScreen.storyboard */ = {
			isa = PBXVariantGroup;
			children = (
				067AAFEA4A6A3EEDD1199895A28DE2FF /* Base */,
			);
			name = LaunchScreen.storyboard;
			sourceTree = "<group>";
		};
/* End PBXVariantGroup section */

/* Begin XCBuildConfiguration section */
		68174FC3F80395D19CC26383C9DAA109 /* Debug */ = {
			isa = XCBuildConfiguration;
			baseConfigurationReference = 35E1E3D46316FEEC4F7678832546EAAF /* Pods-INUBus.debug.xcconfig */;
			buildSettings = {
				ASSETCATALOG_COMPILER_APPICON_NAME = AppIcon;
				CODE_SIGN_STYLE = Automatic;
				DEVELOPMENT_TEAM = 899UYL8QU3;
				INFOPLIST_FILE = "INUBus/Supporting Files/Info.plist";
				LD_RUNPATH_SEARCH_PATHS = (
					"$(inherited)",
					"@executable_path/Frameworks",
				);
				PRODUCT_BUNDLE_IDENTIFIER = leemhyungyu.INUBus;
				PRODUCT_NAME = "$(TARGET_NAME)";
				SWIFT_VERSION = 5.0;
				TARGETED_DEVICE_FAMILY = "1,2";
			};
			name = Debug;
		};
		72BF5DA0799C47CC9FD6CEEB39B816A4 /* Debug */ = {
			isa = XCBuildConfiguration;
			buildSettings = {
				ALWAYS_SEARCH_USER_PATHS = NO;
				CLANG_ANALYZER_NONNULL = YES;
				CLANG_ANALYZER_NUMBER_OBJECT_CONVERSION = YES_AGGRESSIVE;
				CLANG_CXX_LANGUAGE_STANDARD = "gnu++14";
				CLANG_CXX_LIBRARY = "libc++";
				CLANG_ENABLE_MODULES = YES;
				CLANG_ENABLE_OBJC_ARC = YES;
				CLANG_ENABLE_OBJC_WEAK = YES;
				CLANG_WARN_BLOCK_CAPTURE_AUTORELEASING = YES;
				CLANG_WARN_BOOL_CONVERSION = YES;
				CLANG_WARN_COMMA = YES;
				CLANG_WARN_CONSTANT_CONVERSION = YES;
				CLANG_WARN_DEPRECATED_OBJC_IMPLEMENTATIONS = YES;
				CLANG_WARN_DIRECT_OBJC_ISA_USAGE = YES_ERROR;
				CLANG_WARN_DOCUMENTATION_COMMENTS = YES;
				CLANG_WARN_EMPTY_BODY = YES;
				CLANG_WARN_ENUM_CONVERSION = YES;
				CLANG_WARN_INFINITE_RECURSION = YES;
				CLANG_WARN_INT_CONVERSION = YES;
				CLANG_WARN_NON_LITERAL_NULL_CONVERSION = YES;
				CLANG_WARN_OBJC_IMPLICIT_RETAIN_SELF = YES;
				CLANG_WARN_OBJC_LITERAL_CONVERSION = YES;
				CLANG_WARN_OBJC_ROOT_CLASS = YES_ERROR;
				CLANG_WARN_RANGE_LOOP_ANALYSIS = YES;
				CLANG_WARN_STRICT_PROTOTYPES = YES;
				CLANG_WARN_SUSPICIOUS_MOVE = YES;
				CLANG_WARN_UNGUARDED_AVAILABILITY = YES_AGGRESSIVE;
				CLANG_WARN_UNREACHABLE_CODE = YES;
				CLANG_WARN__DUPLICATE_METHOD_MATCH = YES;
				CODE_SIGN_IDENTITY = "iPhone Developer";
				COPY_PHASE_STRIP = NO;
				DEBUG_INFORMATION_FORMAT = dwarf;
				ENABLE_STRICT_OBJC_MSGSEND = YES;
				ENABLE_TESTABILITY = YES;
				GCC_C_LANGUAGE_STANDARD = gnu11;
				GCC_DYNAMIC_NO_PIC = NO;
				GCC_NO_COMMON_BLOCKS = YES;
				GCC_OPTIMIZATION_LEVEL = 0;
				GCC_PREPROCESSOR_DEFINITIONS = (
					"DEBUG=1",
					"$(inherited)",
				);
				GCC_WARN_64_TO_32_BIT_CONVERSION = YES;
				GCC_WARN_ABOUT_RETURN_TYPE = YES_ERROR;
				GCC_WARN_UNDECLARED_SELECTOR = YES;
				GCC_WARN_UNINITIALIZED_AUTOS = YES_AGGRESSIVE;
				GCC_WARN_UNUSED_FUNCTION = YES;
				GCC_WARN_UNUSED_VARIABLE = YES;
				IPHONEOS_DEPLOYMENT_TARGET = 12.0;
				MTL_ENABLE_DEBUG_INFO = INCLUDE_SOURCE;
				MTL_FAST_MATH = YES;
				ONLY_ACTIVE_ARCH = YES;
				SDKROOT = iphoneos;
				SWIFT_ACTIVE_COMPILATION_CONDITIONS = DEBUG;
				SWIFT_OPTIMIZATION_LEVEL = "-Onone";
			};
			name = Debug;
		};
		AFD4733FBD8CD922E280930452334626 /* Release */ = {
			isa = XCBuildConfiguration;
			baseConfigurationReference = 0E29CB009B42C07512EEC5888E8C0375 /* Pods-INUBus.release.xcconfig */;
			buildSettings = {
				ASSETCATALOG_COMPILER_APPICON_NAME = AppIcon;
				CODE_SIGN_STYLE = Automatic;
				DEVELOPMENT_TEAM = 899UYL8QU3;
				INFOPLIST_FILE = "INUBus/Supporting Files/Info.plist";
				LD_RUNPATH_SEARCH_PATHS = (
					"$(inherited)",
					"@executable_path/Frameworks",
				);
				PRODUCT_BUNDLE_IDENTIFIER = leemhyungyu.INUBus;
				PRODUCT_NAME = "$(TARGET_NAME)";
				SWIFT_VERSION = 5.0;
				TARGETED_DEVICE_FAMILY = "1,2";
			};
			name = Release;
		};
		BA3E653B285445B0AE6DB1770D167828 /* Release */ = {
			isa = XCBuildConfiguration;
			buildSettings = {
				ALWAYS_SEARCH_USER_PATHS = NO;
				CLANG_ANALYZER_NONNULL = YES;
				CLANG_ANALYZER_NUMBER_OBJECT_CONVERSION = YES_AGGRESSIVE;
				CLANG_CXX_LANGUAGE_STANDARD = "gnu++14";
				CLANG_CXX_LIBRARY = "libc++";
				CLANG_ENABLE_MODULES = YES;
				CLANG_ENABLE_OBJC_ARC = YES;
				CLANG_ENABLE_OBJC_WEAK = YES;
				CLANG_WARN_BLOCK_CAPTURE_AUTORELEASING = YES;
				CLANG_WARN_BOOL_CONVERSION = YES;
				CLANG_WARN_COMMA = YES;
				CLANG_WARN_CONSTANT_CONVERSION = YES;
				CLANG_WARN_DEPRECATED_OBJC_IMPLEMENTATIONS = YES;
				CLANG_WARN_DIRECT_OBJC_ISA_USAGE = YES_ERROR;
				CLANG_WARN_DOCUMENTATION_COMMENTS = YES;
				CLANG_WARN_EMPTY_BODY = YES;
				CLANG_WARN_ENUM_CONVERSION = YES;
				CLANG_WARN_INFINITE_RECURSION = YES;
				CLANG_WARN_INT_CONVERSION = YES;
				CLANG_WARN_NON_LITERAL_NULL_CONVERSION = YES;
				CLANG_WARN_OBJC_IMPLICIT_RETAIN_SELF = YES;
				CLANG_WARN_OBJC_LITERAL_CONVERSION = YES;
				CLANG_WARN_OBJC_ROOT_CLASS = YES_ERROR;
				CLANG_WARN_RANGE_LOOP_ANALYSIS = YES;
				CLANG_WARN_STRICT_PROTOTYPES = YES;
				CLANG_WARN_SUSPICIOUS_MOVE = YES;
				CLANG_WARN_UNGUARDED_AVAILABILITY = YES_AGGRESSIVE;
				CLANG_WARN_UNREACHABLE_CODE = YES;
				CLANG_WARN__DUPLICATE_METHOD_MATCH = YES;
				CODE_SIGN_IDENTITY = "iPhone Developer";
				COPY_PHASE_STRIP = NO;
				DEBUG_INFORMATION_FORMAT = "dwarf-with-dsym";
				ENABLE_NS_ASSERTIONS = NO;
				ENABLE_STRICT_OBJC_MSGSEND = YES;
				GCC_C_LANGUAGE_STANDARD = gnu11;
				GCC_NO_COMMON_BLOCKS = YES;
				GCC_WARN_64_TO_32_BIT_CONVERSION = YES;
				GCC_WARN_ABOUT_RETURN_TYPE = YES_ERROR;
				GCC_WARN_UNDECLARED_SELECTOR = YES;
				GCC_WARN_UNINITIALIZED_AUTOS = YES_AGGRESSIVE;
				GCC_WARN_UNUSED_FUNCTION = YES;
				GCC_WARN_UNUSED_VARIABLE = YES;
				IPHONEOS_DEPLOYMENT_TARGET = 12.0;
				MTL_ENABLE_DEBUG_INFO = NO;
				MTL_FAST_MATH = YES;
				SDKROOT = iphoneos;
				SWIFT_COMPILATION_MODE = wholemodule;
				SWIFT_OPTIMIZATION_LEVEL = "-O";
				VALIDATE_PRODUCT = YES;
			};
			name = Release;
		};
/* End XCBuildConfiguration section */

/* Begin XCConfigurationList section */
		C1075C7119C704871AD914A12B3F5036 /* Build configuration list for PBXProject "INUBus" */ = {
			isa = XCConfigurationList;
			buildConfigurations = (
				72BF5DA0799C47CC9FD6CEEB39B816A4 /* Debug */,
				BA3E653B285445B0AE6DB1770D167828 /* Release */,
			);
			defaultConfigurationIsVisible = 0;
			defaultConfigurationName = Release;
		};
		DE6E88A6A86CD95C1CAA2011E0A1FB2B /* Build configuration list for PBXNativeTarget "INUBus" */ = {
			isa = XCConfigurationList;
			buildConfigurations = (
				68174FC3F80395D19CC26383C9DAA109 /* Debug */,
				AFD4733FBD8CD922E280930452334626 /* Release */,
			);
			defaultConfigurationIsVisible = 0;
			defaultConfigurationName = Release;
		};
/* End XCConfigurationList section */
	};
	rootObject = BF978030F6E523F2E7DDC096BD1F9DCA /* Project object */;
}
